// !$*UTF8*$!
{
	archiveVersion = 1;
	classes = {
	};
	objectVersion = 46;
	objects = {

/* Begin PBXBuildFile section */
		2C8377C51B11A70D7706D0EE /* libPods.a in Frameworks */ = {isa = PBXBuildFile; fileRef = 4B05BE7B631D2F68FFC2CC53 /* libPods.a */; };
		A03CE8171BEB5B7C00A68D72 /* BusinessTableViewCell.m in Sources */ = {isa = PBXBuildFile; fileRef = A03CE8151BEB5B7C00A68D72 /* BusinessTableViewCell.m */; settings = {ASSET_TAGS = (); }; };
		A03CE8181BEB5B7C00A68D72 /* BusinessTableViewCell.xib in Resources */ = {isa = PBXBuildFile; fileRef = A03CE8161BEB5B7C00A68D72 /* BusinessTableViewCell.xib */; settings = {ASSET_TAGS = (); }; };
		A04B90A21BEA0BB400309D5A /* HomePageHeaderView.m in Sources */ = {isa = PBXBuildFile; fileRef = A04B90A11BEA0BB400309D5A /* HomePageHeaderView.m */; settings = {ASSET_TAGS = (); }; };
		A04B90A61BEB34BC00309D5A /* DianpingApi.m in Sources */ = {isa = PBXBuildFile; fileRef = A04B90A51BEB34BC00309D5A /* DianpingApi.m */; settings = {ASSET_TAGS = (); }; };
		A04B90AC1BEB4FF500309D5A /* JsonParser.m in Sources */ = {isa = PBXBuildFile; fileRef = A04B90AB1BEB4FF500309D5A /* JsonParser.m */; settings = {ASSET_TAGS = (); }; };
		A04B90AF1BEB51FE00309D5A /* BusinessInfo.m in Sources */ = {isa = PBXBuildFile; fileRef = A04B90AE1BEB51FE00309D5A /* BusinessInfo.m */; settings = {ASSET_TAGS = (); }; };
		A0E7B0121BF07CFD0010A2F0 /* WebViewController.m in Sources */ = {isa = PBXBuildFile; fileRef = A0E7B0111BF07CFD0010A2F0 /* WebViewController.m */; settings = {ASSET_TAGS = (); }; };
		A0E7B01D1BF08C710010A2F0 /* BusinessViewController.m in Sources */ = {isa = PBXBuildFile; fileRef = A0E7B0181BF08C710010A2F0 /* BusinessViewController.m */; settings = {ASSET_TAGS = (); }; };
		A0E7B01E1BF08C710010A2F0 /* HomePageViewController.m in Sources */ = {isa = PBXBuildFile; fileRef = A0E7B01A1BF08C710010A2F0 /* HomePageViewController.m */; settings = {ASSET_TAGS = (); }; };
		A0E7B01F1BF08C710010A2F0 /* SearchViewController.m in Sources */ = {isa = PBXBuildFile; fileRef = A0E7B01C1BF08C710010A2F0 /* SearchViewController.m */; settings = {ASSET_TAGS = (); }; };
		A0E7B0221BF09F640010A2F0 /* SelectCityViewController.m in Sources */ = {isa = PBXBuildFile; fileRef = A0E7B0211BF09F640010A2F0 /* SelectCityViewController.m */; settings = {ASSET_TAGS = (); }; };
		A0E7B0251BF0A3060010A2F0 /* category.plist in Resources */ = {isa = PBXBuildFile; fileRef = A0E7B0231BF0A3060010A2F0 /* category.plist */; settings = {ASSET_TAGS = (); }; };
		A0E7B0261BF0A3060010A2F0 /* region.plist in Resources */ = {isa = PBXBuildFile; fileRef = A0E7B0241BF0A3060010A2F0 /* region.plist */; settings = {ASSET_TAGS = (); }; };
		A0E7B0281BF0A3FB0010A2F0 /* citys.plist in Resources */ = {isa = PBXBuildFile; fileRef = A0E7B0271BF0A3FB0010A2F0 /* citys.plist */; settings = {ASSET_TAGS = (); }; };
		A0E7B0301BF2E4100010A2F0 /* GroupBuysViewController.m in Sources */ = {isa = PBXBuildFile; fileRef = A0E7B02F1BF2E4100010A2F0 /* GroupBuysViewController.m */; settings = {ASSET_TAGS = (); }; };
		A0E7B0441BF2EB460010A2F0 /* MHTabBarActiveTab_1.png in Resources */ = {isa = PBXBuildFile; fileRef = A0E7B0331BF2EB460010A2F0 /* MHTabBarActiveTab_1.png */; settings = {ASSET_TAGS = (); }; };
		A0E7B0451BF2EB460010A2F0 /* MHTabBarActiveTab_1@2x.png in Resources */ = {isa = PBXBuildFile; fileRef = A0E7B0341BF2EB460010A2F0 /* MHTabBarActiveTab_1@2x.png */; settings = {ASSET_TAGS = (); }; };
		A0E7B0461BF2EB460010A2F0 /* MHTabBarInactiveTab_1.png in Resources */ = {isa = PBXBuildFile; fileRef = A0E7B0351BF2EB460010A2F0 /* MHTabBarInactiveTab_1.png */; settings = {ASSET_TAGS = (); }; };
		A0E7B0471BF2EB460010A2F0 /* MHTabBarInactiveTab_1@2x.png in Resources */ = {isa = PBXBuildFile; fileRef = A0E7B0361BF2EB460010A2F0 /* MHTabBarInactiveTab_1@2x.png */; settings = {ASSET_TAGS = (); }; };
		A0E7B0481BF2EB460010A2F0 /* MHCategoryViewController.m in Sources */ = {isa = PBXBuildFile; fileRef = A0E7B0381BF2EB460010A2F0 /* MHCategoryViewController.m */; settings = {ASSET_TAGS = (); }; };
		A0E7B0491BF2EB460010A2F0 /* MHTabBarActiveTab.png in Resources */ = {isa = PBXBuildFile; fileRef = A0E7B0391BF2EB460010A2F0 /* MHTabBarActiveTab.png */; settings = {ASSET_TAGS = (); }; };
		A0E7B04A1BF2EB460010A2F0 /* MHTabBarActiveTab@2x.png in Resources */ = {isa = PBXBuildFile; fileRef = A0E7B03A1BF2EB460010A2F0 /* MHTabBarActiveTab@2x.png */; settings = {ASSET_TAGS = (); }; };
		A0E7B04B1BF2EB460010A2F0 /* MHTabBarController.m in Sources */ = {isa = PBXBuildFile; fileRef = A0E7B03C1BF2EB460010A2F0 /* MHTabBarController.m */; settings = {ASSET_TAGS = (); }; };
		A0E7B04C1BF2EB460010A2F0 /* MHTabBarInactiveTab.png in Resources */ = {isa = PBXBuildFile; fileRef = A0E7B03D1BF2EB460010A2F0 /* MHTabBarInactiveTab.png */; settings = {ASSET_TAGS = (); }; };
		A0E7B04D1BF2EB460010A2F0 /* MHTabBarInactiveTab@2x.png in Resources */ = {isa = PBXBuildFile; fileRef = A0E7B03E1BF2EB460010A2F0 /* MHTabBarInactiveTab@2x.png */; settings = {ASSET_TAGS = (); }; };
		A0E7B04E1BF2EB460010A2F0 /* MHTabBarIndicator.png in Resources */ = {isa = PBXBuildFile; fileRef = A0E7B03F1BF2EB460010A2F0 /* MHTabBarIndicator.png */; settings = {ASSET_TAGS = (); }; };
		A0E7B04F1BF2EB460010A2F0 /* MHTabBarIndicator@2x.png in Resources */ = {isa = PBXBuildFile; fileRef = A0E7B0401BF2EB460010A2F0 /* MHTabBarIndicator@2x.png */; settings = {ASSET_TAGS = (); }; };
		A0E7B0501BF2EB460010A2F0 /* pinyin.c in Sources */ = {isa = PBXBuildFile; fileRef = A0E7B0421BF2EB460010A2F0 /* pinyin.c */; settings = {ASSET_TAGS = (); }; };
		A0E7B0531BF3292C0010A2F0 /* GroupBuys.m in Sources */ = {isa = PBXBuildFile; fileRef = A0E7B0521BF3292C0010A2F0 /* GroupBuys.m */; settings = {ASSET_TAGS = (); }; };
		A0E7B0571BF3337B0010A2F0 /* GroupBuysTableViewCell.m in Sources */ = {isa = PBXBuildFile; fileRef = A0E7B0551BF3337B0010A2F0 /* GroupBuysTableViewCell.m */; settings = {ASSET_TAGS = (); }; };
		A0E7B0581BF3337B0010A2F0 /* GroupBuysTableViewCell.xib in Resources */ = {isa = PBXBuildFile; fileRef = A0E7B0561BF3337B0010A2F0 /* GroupBuysTableViewCell.xib */; settings = {ASSET_TAGS = (); }; };
		A0E7B0611BF46DD00010A2F0 /* FirstViewController.m in Sources */ = {isa = PBXBuildFile; fileRef = A0E7B0601BF46DD00010A2F0 /* FirstViewController.m */; settings = {ASSET_TAGS = (); }; };
		A0E7B0641BF46DE40010A2F0 /* SecondViewController.m in Sources */ = {isa = PBXBuildFile; fileRef = A0E7B0631BF46DE40010A2F0 /* SecondViewController.m */; settings = {ASSET_TAGS = (); }; };
		A0E7B0671BF46E860010A2F0 /* ThirstViewController.m in Sources */ = {isa = PBXBuildFile; fileRef = A0E7B0661BF46E860010A2F0 /* ThirstViewController.m */; settings = {ASSET_TAGS = (); }; };
		A0E7B06B1BF4813E0010A2F0 /* NearViewController.m in Sources */ = {isa = PBXBuildFile; fileRef = A0E7B06A1BF4813E0010A2F0 /* NearViewController.m */; settings = {ASSET_TAGS = (); }; };
		A0E7B0751BF488A90010A2F0 /* SettingTableViewController.m in Sources */ = {isa = PBXBuildFile; fileRef = A0E7B0741BF488A90010A2F0 /* SettingTableViewController.m */; settings = {ASSET_TAGS = (); }; };
		A0E9089D1BE89B6900D03D53 /* main.m in Sources */ = {isa = PBXBuildFile; fileRef = A0E9089C1BE89B6900D03D53 /* main.m */; };
		A0E908A01BE89B6900D03D53 /* AppDelegate.m in Sources */ = {isa = PBXBuildFile; fileRef = A0E9089F1BE89B6900D03D53 /* AppDelegate.m */; };
		A0E908A61BE89B6900D03D53 /* Main.storyboard in Resources */ = {isa = PBXBuildFile; fileRef = A0E908A41BE89B6900D03D53 /* Main.storyboard */; };
		A0E908A81BE89B6900D03D53 /* Assets.xcassets in Resources */ = {isa = PBXBuildFile; fileRef = A0E908A71BE89B6900D03D53 /* Assets.xcassets */; };
		A0E908B61BE89B6900D03D53 /* DaZhonDemoTests.m in Sources */ = {isa = PBXBuildFile; fileRef = A0E908B51BE89B6900D03D53 /* DaZhonDemoTests.m */; };
		A0E908C11BE89B6900D03D53 /* DaZhonDemoUITests.m in Sources */ = {isa = PBXBuildFile; fileRef = A0E908C01BE89B6900D03D53 /* DaZhonDemoUITests.m */; };
		A0E909AB1BE8AB1C00D03D53 /* category.plist in Resources */ = {isa = PBXBuildFile; fileRef = A0E909651BE8AB1C00D03D53 /* category.plist */; settings = {ASSET_TAGS = (); }; };
		A0E909AC1BE8AB1C00D03D53 /* region.plist in Resources */ = {isa = PBXBuildFile; fileRef = A0E909661BE8AB1C00D03D53 /* region.plist */; settings = {ASSET_TAGS = (); }; };
		A0E909AD1BE8AB1C00D03D53 /* search_03@2x.png in Resources */ = {isa = PBXBuildFile; fileRef = A0E909671BE8AB1C00D03D53 /* search_03@2x.png */; settings = {ASSET_TAGS = (); }; };
		A0E909AE1BE8AB1C00D03D53 /* searchBar_back.png in Resources */ = {isa = PBXBuildFile; fileRef = A0E909681BE8AB1C00D03D53 /* searchBar_back.png */; settings = {ASSET_TAGS = (); }; };
		A0E909AF1BE8AB1C00D03D53 /* space.png in Resources */ = {isa = PBXBuildFile; fileRef = A0E909691BE8AB1C00D03D53 /* space.png */; settings = {ASSET_TAGS = (); }; };
		A0E909B01BE8AB1C00D03D53 /* 团购_全城_03@2x.png in Resources */ = {isa = PBXBuildFile; fileRef = A0E9096A1BE8AB1C00D03D53 /* 团购_全城_03@2x.png */; settings = {ASSET_TAGS = (); }; };
		A0E909B11BE8AB1C00D03D53 /* 团购_全城_07@2x.png in Resources */ = {isa = PBXBuildFile; fileRef = A0E9096B1BE8AB1C00D03D53 /* 团购_全城_07@2x.png */; settings = {ASSET_TAGS = (); }; };
		A0E909B21BE8AB1C00D03D53 /* 团购_全部分类_美食_03@2x.png in Resources */ = {isa = PBXBuildFile; fileRef = A0E9096C1BE8AB1C00D03D53 /* 团购_全部分类_美食_03@2x.png */; settings = {ASSET_TAGS = (); }; };
		A0E909B31BE8AB1C00D03D53 /* 团购_全部分类_美食_05@2x.png in Resources */ = {isa = PBXBuildFile; fileRef = A0E9096D1BE8AB1C00D03D53 /* 团购_全部分类_美食_05@2x.png */; settings = {ASSET_TAGS = (); }; };
		A0E909B41BE8AB1C00D03D53 /* 团购_全部分类_美食_11@2x.png in Resources */ = {isa = PBXBuildFile; fileRef = A0E9096E1BE8AB1C00D03D53 /* 团购_全部分类_美食_11@2x.png */; settings = {ASSET_TAGS = (); }; };
		A0E909B51BE8AB1C00D03D53 /* 团购_全部分类_美食_12@2x.png in Resources */ = {isa = PBXBuildFile; fileRef = A0E9096F1BE8AB1C00D03D53 /* 团购_全部分类_美食_12@2x.png */; settings = {ASSET_TAGS = (); }; };
		A0E909B61BE8AB1C00D03D53 /* 团购_全部分类_美食_21@2x.png in Resources */ = {isa = PBXBuildFile; fileRef = A0E909701BE8AB1C00D03D53 /* 团购_全部分类_美食_21@2x.png */; settings = {ASSET_TAGS = (); }; };
		A0E909B71BE8AB1C00D03D53 /* 团购_全部分类_美食_24@2x.png in Resources */ = {isa = PBXBuildFile; fileRef = A0E909711BE8AB1C00D03D53 /* 团购_全部分类_美食_24@2x.png */; settings = {ASSET_TAGS = (); }; };
		A0E909B81BE8AB1C00D03D53 /* 团购_全部分类_美食_28@2x.png in Resources */ = {isa = PBXBuildFile; fileRef = A0E909721BE8AB1C00D03D53 /* 团购_全部分类_美食_28@2x.png */; settings = {ASSET_TAGS = (); }; };
		A0E909B91BE8AB1C00D03D53 /* 团购_全部分类_美食_31@2x.png in Resources */ = {isa = PBXBuildFile; fileRef = A0E909731BE8AB1C00D03D53 /* 团购_全部分类_美食_31@2x.png */; settings = {ASSET_TAGS = (); }; };
		A0E909BA1BE8AB1C00D03D53 /* 团购_全部分类_美食_34@2x.png in Resources */ = {isa = PBXBuildFile; fileRef = A0E909741BE8AB1C00D03D53 /* 团购_全部分类_美食_34@2x.png */; settings = {ASSET_TAGS = (); }; };
		A0E909BB1BE8AB1C00D03D53 /* 团购_全部分类_美食_38@2x.png in Resources */ = {isa = PBXBuildFile; fileRef = A0E909751BE8AB1C00D03D53 /* 团购_全部分类_美食_38@2x.png */; settings = {ASSET_TAGS = (); }; };
		A0E909BC1BE8AB1C00D03D53 /* 团购_全部分类_美食_40@2x.png in Resources */ = {isa = PBXBuildFile; fileRef = A0E909761BE8AB1C00D03D53 /* 团购_全部分类_美食_40@2x.png */; settings = {ASSET_TAGS = (); }; };
		A0E909BD1BE8AB1C00D03D53 /* 团购_全部分类_美食_43@2x.png in Resources */ = {isa = PBXBuildFile; fileRef = A0E909771BE8AB1C00D03D53 /* 团购_全部分类_美食_43@2x.png */; settings = {ASSET_TAGS = (); }; };
		A0E909BE1BE8AB1C00D03D53 /* 团购_全部分类_美食_47@2x.png in Resources */ = {isa = PBXBuildFile; fileRef = A0E909781BE8AB1C00D03D53 /* 团购_全部分类_美食_47@2x.png */; settings = {ASSET_TAGS = (); }; };
		A0E909BF1BE8AB1C00D03D53 /* 团购_商户分类_03@2x.png in Resources */ = {isa = PBXBuildFile; fileRef = A0E909791BE8AB1C00D03D53 /* 团购_商户分类_03@2x.png */; settings = {ASSET_TAGS = (); }; };
		A0E909C01BE8AB1C00D03D53 /* 团购_商户分类_11@2x.png in Resources */ = {isa = PBXBuildFile; fileRef = A0E9097A1BE8AB1C00D03D53 /* 团购_商户分类_11@2x.png */; settings = {ASSET_TAGS = (); }; };
		A0E909C11BE8AB1C00D03D53 /* 团购_商户分类star5@2x.png in Resources */ = {isa = PBXBuildFile; fileRef = A0E9097B1BE8AB1C00D03D53 /* 团购_商户分类star5@2x.png */; settings = {ASSET_TAGS = (); }; };
		A0E909C21BE8AB1C00D03D53 /* 团购_商户分类stare1@2x.png in Resources */ = {isa = PBXBuildFile; fileRef = A0E9097C1BE8AB1C00D03D53 /* 团购_商户分类stare1@2x.png */; settings = {ASSET_TAGS = (); }; };
		A0E909C31BE8AB1C00D03D53 /* 团购_商户分类stare2@2x.png in Resources */ = {isa = PBXBuildFile; fileRef = A0E9097D1BE8AB1C00D03D53 /* 团购_商户分类stare2@2x.png */; settings = {ASSET_TAGS = (); }; };
		A0E909C41BE8AB1C00D03D53 /* 团购_商户分类stare3@2x.png in Resources */ = {isa = PBXBuildFile; fileRef = A0E9097E1BE8AB1C00D03D53 /* 团购_商户分类stare3@2x.png */; settings = {ASSET_TAGS = (); }; };
		A0E909C51BE8AB1C00D03D53 /* 团购_商户分类stare4@2x.png in Resources */ = {isa = PBXBuildFile; fileRef = A0E9097F1BE8AB1C00D03D53 /* 团购_商户分类stare4@2x.png */; settings = {ASSET_TAGS = (); }; };
		A0E909C61BE8AB1C00D03D53 /* 引导页－1.jpg in Resources */ = {isa = PBXBuildFile; fileRef = A0E909801BE8AB1C00D03D53 /* 引导页－1.jpg */; settings = {ASSET_TAGS = (); }; };
		A0E909C71BE8AB1C00D03D53 /* 引导页－2.jpg in Resources */ = {isa = PBXBuildFile; fileRef = A0E909811BE8AB1C00D03D53 /* 引导页－2.jpg */; settings = {ASSET_TAGS = (); }; };
		A0E909C81BE8AB1C00D03D53 /* 引导页－3.jpg in Resources */ = {isa = PBXBuildFile; fileRef = A0E909821BE8AB1C00D03D53 /* 引导页－3.jpg */; settings = {ASSET_TAGS = (); }; };
		A0E909C91BE8AB1C00D03D53 /* 我的－主页_03@2x.png in Resources */ = {isa = PBXBuildFile; fileRef = A0E909831BE8AB1C00D03D53 /* 我的－主页_03@2x.png */; settings = {ASSET_TAGS = (); }; };
		A0E909CA1BE8AB1C00D03D53 /* 我的－我的账户_03@2x.png in Resources */ = {isa = PBXBuildFile; fileRef = A0E909841BE8AB1C00D03D53 /* 我的－我的账户_03@2x.png */; settings = {ASSET_TAGS = (); }; };
		A0E909CB1BE8AB1C00D03D53 /* 我的－我的账户_07@2x.png in Resources */ = {isa = PBXBuildFile; fileRef = A0E909851BE8AB1C00D03D53 /* 我的－我的账户_07@2x.png */; settings = {ASSET_TAGS = (); }; };
		A0E909CC1BE8AB1C00D03D53 /* 我的－我的账户_10@2x.png in Resources */ = {isa = PBXBuildFile; fileRef = A0E909861BE8AB1C00D03D53 /* 我的－我的账户_10@2x.png */; settings = {ASSET_TAGS = (); }; };
		A0E909CD1BE8AB1C00D03D53 /* 我的－我的账户_14@2x.png in Resources */ = {isa = PBXBuildFile; fileRef = A0E909871BE8AB1C00D03D53 /* 我的－我的账户_14@2x.png */; settings = {ASSET_TAGS = (); }; };
		A0E909CE1BE8AB1C00D03D53 /* 我的－我的账户_17@2x.png in Resources */ = {isa = PBXBuildFile; fileRef = A0E909881BE8AB1C00D03D53 /* 我的－我的账户_17@2x.png */; settings = {ASSET_TAGS = (); }; };
		A0E909CF1BE8AB1C00D03D53 /* 我的－登录_02@2x.png in Resources */ = {isa = PBXBuildFile; fileRef = A0E909891BE8AB1C00D03D53 /* 我的－登录_02@2x.png */; settings = {ASSET_TAGS = (); }; };
		A0E909D01BE8AB1C00D03D53 /* 我的－登录_03@2x.png in Resources */ = {isa = PBXBuildFile; fileRef = A0E9098A1BE8AB1C00D03D53 /* 我的－登录_03@2x.png */; settings = {ASSET_TAGS = (); }; };
		A0E909D11BE8AB1C00D03D53 /* 我的－登录_06@2x.png in Resources */ = {isa = PBXBuildFile; fileRef = A0E9098B1BE8AB1C00D03D53 /* 我的－登录_06@2x.png */; settings = {ASSET_TAGS = (); }; };
		A0E909D21BE8AB1C00D03D53 /* 我的－登录_10@2x.png in Resources */ = {isa = PBXBuildFile; fileRef = A0E9098C1BE8AB1C00D03D53 /* 我的－登录_10@2x.png */; settings = {ASSET_TAGS = (); }; };
		A0E909D31BE8AB1C00D03D53 /* 我的－登录_12@2x.png in Resources */ = {isa = PBXBuildFile; fileRef = A0E9098D1BE8AB1C00D03D53 /* 我的－登录_12@2x.png */; settings = {ASSET_TAGS = (); }; };
		A0E909D41BE8AB1C00D03D53 /* 我的－登录_15@2x.png in Resources */ = {isa = PBXBuildFile; fileRef = A0E9098E1BE8AB1C00D03D53 /* 我的－登录_15@2x.png */; settings = {ASSET_TAGS = (); }; };
		A0E909D51BE8AB1C00D03D53 /* 我的－登录_17@2x.png in Resources */ = {isa = PBXBuildFile; fileRef = A0E9098F1BE8AB1C00D03D53 /* 我的－登录_17@2x.png */; settings = {ASSET_TAGS = (); }; };
		A0E909D61BE8AB1C00D03D53 /* 我的－登录_21@2x.png in Resources */ = {isa = PBXBuildFile; fileRef = A0E909901BE8AB1C00D03D53 /* 我的－登录_21@2x.png */; settings = {ASSET_TAGS = (); }; };
		A0E909D71BE8AB1C00D03D53 /* 我的－登录_24@2x.png in Resources */ = {isa = PBXBuildFile; fileRef = A0E909911BE8AB1C00D03D53 /* 我的－登录_24@2x.png */; settings = {ASSET_TAGS = (); }; };
		A0E909D81BE8AB1C00D03D53 /* 我的－登录_28@2x.png in Resources */ = {isa = PBXBuildFile; fileRef = A0E909921BE8AB1C00D03D53 /* 我的－登录_28@2x.png */; settings = {ASSET_TAGS = (); }; };
		A0E909D91BE8AB1C00D03D53 /* 我的－登录_32@2x.png in Resources */ = {isa = PBXBuildFile; fileRef = A0E909931BE8AB1C00D03D53 /* 我的－登录_32@2x.png */; settings = {ASSET_TAGS = (); }; };
		A0E909DA1BE8AB1C00D03D53 /* 我的－登录_35@2x.png in Resources */ = {isa = PBXBuildFile; fileRef = A0E909941BE8AB1C00D03D53 /* 我的－登录_35@2x.png */; settings = {ASSET_TAGS = (); }; };
		A0E909DB1BE8AB1C00D03D53 /* 设置_03.png in Resources */ = {isa = PBXBuildFile; fileRef = A0E909951BE8AB1C00D03D53 /* 设置_03.png */; settings = {ASSET_TAGS = (); }; };
		A0E909DC1BE8AB1C00D03D53 /* 设置_07@2x.png in Resources */ = {isa = PBXBuildFile; fileRef = A0E909961BE8AB1C00D03D53 /* 设置_07@2x.png */; settings = {ASSET_TAGS = (); }; };
		A0E909DD1BE8AB1C00D03D53 /* 设置_11@2x.png in Resources */ = {isa = PBXBuildFile; fileRef = A0E909971BE8AB1C00D03D53 /* 设置_11@2x.png */; settings = {ASSET_TAGS = (); }; };
		A0E909DE1BE8AB1C00D03D53 /* 设置_13@2x.png in Resources */ = {isa = PBXBuildFile; fileRef = A0E909981BE8AB1C00D03D53 /* 设置_13@2x.png */; settings = {ASSET_TAGS = (); }; };
		A0E909DF1BE8AB1C00D03D53 /* 设置_16@2x.png in Resources */ = {isa = PBXBuildFile; fileRef = A0E909991BE8AB1C00D03D53 /* 设置_16@2x.png */; settings = {ASSET_TAGS = (); }; };
		A0E909E01BE8AB1C00D03D53 /* 设置_18@2x.png in Resources */ = {isa = PBXBuildFile; fileRef = A0E9099A1BE8AB1C00D03D53 /* 设置_18@2x.png */; settings = {ASSET_TAGS = (); }; };
		A0E909E11BE8AB1C00D03D53 /* 首页0_03.png in Resources */ = {isa = PBXBuildFile; fileRef = A0E9099B1BE8AB1C00D03D53 /* 首页0_03.png */; settings = {ASSET_TAGS = (); }; };
		A0E909E21BE8AB1C00D03D53 /* 首页_03@2x.png in Resources */ = {isa = PBXBuildFile; fileRef = A0E9099C1BE8AB1C00D03D53 /* 首页_03@2x.png */; settings = {ASSET_TAGS = (); }; };
		A0E909E31BE8AB1C00D03D53 /* 首页_06@2x.png in Resources */ = {isa = PBXBuildFile; fileRef = A0E9099D1BE8AB1C00D03D53 /* 首页_06@2x.png */; settings = {ASSET_TAGS = (); }; };
		A0E909E41BE8AB1C00D03D53 /* 首页_11@2x.png in Resources */ = {isa = PBXBuildFile; fileRef = A0E9099E1BE8AB1C00D03D53 /* 首页_11@2x.png */; settings = {ASSET_TAGS = (); }; };
		A0E909E51BE8AB1C00D03D53 /* 首页_12@2x.png in Resources */ = {isa = PBXBuildFile; fileRef = A0E9099F1BE8AB1C00D03D53 /* 首页_12@2x.png */; settings = {ASSET_TAGS = (); }; };
		A0E909E61BE8AB1C00D03D53 /* 首页_13@2x.png in Resources */ = {isa = PBXBuildFile; fileRef = A0E909A01BE8AB1C00D03D53 /* 首页_13@2x.png */; settings = {ASSET_TAGS = (); }; };
		A0E909E71BE8AB1C00D03D53 /* 首页_14@2x.png in Resources */ = {isa = PBXBuildFile; fileRef = A0E909A11BE8AB1C00D03D53 /* 首页_14@2x.png */; settings = {ASSET_TAGS = (); }; };
		A0E909E81BE8AB1C00D03D53 /* 首页_15@2x.png in Resources */ = {isa = PBXBuildFile; fileRef = A0E909A21BE8AB1C00D03D53 /* 首页_15@2x.png */; settings = {ASSET_TAGS = (); }; };
		A0E909E91BE8AB1C00D03D53 /* 首页_16@2x.png in Resources */ = {isa = PBXBuildFile; fileRef = A0E909A31BE8AB1C00D03D53 /* 首页_16@2x.png */; settings = {ASSET_TAGS = (); }; };
		A0E909EA1BE8AB1C00D03D53 /* 首页_17@2x.png in Resources */ = {isa = PBXBuildFile; fileRef = A0E909A41BE8AB1C00D03D53 /* 首页_17@2x.png */; settings = {ASSET_TAGS = (); }; };
		A0E909EB1BE8AB1C00D03D53 /* 首页_18@2x.png in Resources */ = {isa = PBXBuildFile; fileRef = A0E909A51BE8AB1C00D03D53 /* 首页_18@2x.png */; settings = {ASSET_TAGS = (); }; };
		A0E909EC1BE8AB1C00D03D53 /* 首页_32@2x.png in Resources */ = {isa = PBXBuildFile; fileRef = A0E909A61BE8AB1C00D03D53 /* 首页_32@2x.png */; settings = {ASSET_TAGS = (); }; };
		A0E909ED1BE8AB1C00D03D53 /* 首页_35@2x.png in Resources */ = {isa = PBXBuildFile; fileRef = A0E909A71BE8AB1C00D03D53 /* 首页_35@2x.png */; settings = {ASSET_TAGS = (); }; };
		A0E909EE1BE8AB1C00D03D53 /* 首页_GPS定位系统_03@2x.png in Resources */ = {isa = PBXBuildFile; fileRef = A0E909A81BE8AB1C00D03D53 /* 首页_GPS定位系统_03@2x.png */; settings = {ASSET_TAGS = (); }; };
		A0E909EF1BE8AB1C00D03D53 /* 首页_GPS定位系统_06_03@2x.png in Resources */ = {isa = PBXBuildFile; fileRef = A0E909A91BE8AB1C00D03D53 /* 首页_GPS定位系统_06_03@2x.png */; settings = {ASSET_TAGS = (); }; };
		A0E909F01BE8AB1C00D03D53 /* 首页_GPS定位系统_07@2x.png in Resources */ = {isa = PBXBuildFile; fileRef = A0E909AA1BE8AB1C00D03D53 /* 首页_GPS定位系统_07@2x.png */; settings = {ASSET_TAGS = (); }; };
		A0E909F41BE8B1E800D03D53 /* GuideViewController.m in Sources */ = {isa = PBXBuildFile; fileRef = A0E909F31BE8B1E800D03D53 /* GuideViewController.m */; settings = {ASSET_TAGS = (); }; };
/* End PBXBuildFile section */

/* Begin PBXContainerItemProxy section */
		A0E908B21BE89B6900D03D53 /* PBXContainerItemProxy */ = {
			isa = PBXContainerItemProxy;
			containerPortal = A0E908901BE89B6900D03D53 /* Project object */;
			proxyType = 1;
			remoteGlobalIDString = A0E908971BE89B6900D03D53;
			remoteInfo = DaZhonDemo;
		};
		A0E908BD1BE89B6900D03D53 /* PBXContainerItemProxy */ = {
			isa = PBXContainerItemProxy;
			containerPortal = A0E908901BE89B6900D03D53 /* Project object */;
			proxyType = 1;
			remoteGlobalIDString = A0E908971BE89B6900D03D53;
			remoteInfo = DaZhonDemo;
		};
/* End PBXContainerItemProxy section */

/* Begin PBXFileReference section */
		4B05BE7B631D2F68FFC2CC53 /* libPods.a */ = {isa = PBXFileReference; explicitFileType = archive.ar; includeInIndex = 0; path = libPods.a; sourceTree = BUILT_PRODUCTS_DIR; };
		A03CE8141BEB5B7C00A68D72 /* BusinessTableViewCell.h */ = {isa = PBXFileReference; fileEncoding = 4; lastKnownFileType = sourcecode.c.h; name = BusinessTableViewCell.h; path = View/BusinessTableViewCell.h; sourceTree = "<group>"; };
		A03CE8151BEB5B7C00A68D72 /* BusinessTableViewCell.m */ = {isa = PBXFileReference; fileEncoding = 4; lastKnownFileType = sourcecode.c.objc; name = BusinessTableViewCell.m; path = View/BusinessTableViewCell.m; sourceTree = "<group>"; };
		A03CE8161BEB5B7C00A68D72 /* BusinessTableViewCell.xib */ = {isa = PBXFileReference; fileEncoding = 4; lastKnownFileType = file.xib; name = BusinessTableViewCell.xib; path = View/BusinessTableViewCell.xib; sourceTree = "<group>"; };
		A04B90A01BEA0BB400309D5A /* HomePageHeaderView.h */ = {isa = PBXFileReference; fileEncoding = 4; lastKnownFileType = sourcecode.c.h; name = HomePageHeaderView.h; path = View/HomePageHeaderView.h; sourceTree = "<group>"; };
		A04B90A11BEA0BB400309D5A /* HomePageHeaderView.m */ = {isa = PBXFileReference; fileEncoding = 4; lastKnownFileType = sourcecode.c.objc; name = HomePageHeaderView.m; path = View/HomePageHeaderView.m; sourceTree = "<group>"; };
		A04B90A41BEB34BC00309D5A /* DianpingApi.h */ = {isa = PBXFileReference; fileEncoding = 4; lastKnownFileType = sourcecode.c.h; name = DianpingApi.h; path = Utils/DianpingApi.h; sourceTree = "<group>"; };
		A04B90A51BEB34BC00309D5A /* DianpingApi.m */ = {isa = PBXFileReference; fileEncoding = 4; lastKnownFileType = sourcecode.c.objc; name = DianpingApi.m; path = Utils/DianpingApi.m; sourceTree = "<group>"; };
		A04B90AA1BEB4FF500309D5A /* JsonParser.h */ = {isa = PBXFileReference; fileEncoding = 4; lastKnownFileType = sourcecode.c.h; name = JsonParser.h; path = Utils/JsonParser.h; sourceTree = "<group>"; };
		A04B90AB1BEB4FF500309D5A /* JsonParser.m */ = {isa = PBXFileReference; fileEncoding = 4; lastKnownFileType = sourcecode.c.objc; name = JsonParser.m; path = Utils/JsonParser.m; sourceTree = "<group>"; };
		A04B90AD1BEB51FE00309D5A /* BusinessInfo.h */ = {isa = PBXFileReference; fileEncoding = 4; lastKnownFileType = sourcecode.c.h; name = BusinessInfo.h; path = Model/BusinessInfo.h; sourceTree = "<group>"; };
		A04B90AE1BEB51FE00309D5A /* BusinessInfo.m */ = {isa = PBXFileReference; fileEncoding = 4; lastKnownFileType = sourcecode.c.objc; name = BusinessInfo.m; path = Model/BusinessInfo.m; sourceTree = "<group>"; };
		A0E7B0101BF07CFD0010A2F0 /* WebViewController.h */ = {isa = PBXFileReference; fileEncoding = 4; lastKnownFileType = sourcecode.c.h; name = WebViewController.h; path = Controller/WebViewController.h; sourceTree = "<group>"; };
		A0E7B0111BF07CFD0010A2F0 /* WebViewController.m */ = {isa = PBXFileReference; fileEncoding = 4; lastKnownFileType = sourcecode.c.objc; name = WebViewController.m; path = Controller/WebViewController.m; sourceTree = "<group>"; };
		A0E7B0171BF08C710010A2F0 /* BusinessViewController.h */ = {isa = PBXFileReference; fileEncoding = 4; lastKnownFileType = sourcecode.c.h; name = BusinessViewController.h; path = Controller/HomePage/BusinessViewController.h; sourceTree = "<group>"; };
		A0E7B0181BF08C710010A2F0 /* BusinessViewController.m */ = {isa = PBXFileReference; fileEncoding = 4; lastKnownFileType = sourcecode.c.objc; name = BusinessViewController.m; path = Controller/HomePage/BusinessViewController.m; sourceTree = "<group>"; };
		A0E7B0191BF08C710010A2F0 /* HomePageViewController.h */ = {isa = PBXFileReference; fileEncoding = 4; lastKnownFileType = sourcecode.c.h; name = HomePageViewController.h; path = Controller/HomePage/HomePageViewController.h; sourceTree = "<group>"; };
		A0E7B01A1BF08C710010A2F0 /* HomePageViewController.m */ = {isa = PBXFileReference; fileEncoding = 4; lastKnownFileType = sourcecode.c.objc; name = HomePageViewController.m; path = Controller/HomePage/HomePageViewController.m; sourceTree = "<group>"; };
		A0E7B01B1BF08C710010A2F0 /* SearchViewController.h */ = {isa = PBXFileReference; fileEncoding = 4; lastKnownFileType = sourcecode.c.h; name = SearchViewController.h; path = Controller/HomePage/SearchViewController.h; sourceTree = "<group>"; };
		A0E7B01C1BF08C710010A2F0 /* SearchViewController.m */ = {isa = PBXFileReference; fileEncoding = 4; lastKnownFileType = sourcecode.c.objc; name = SearchViewController.m; path = Controller/HomePage/SearchViewController.m; sourceTree = "<group>"; };
		A0E7B0201BF09F640010A2F0 /* SelectCityViewController.h */ = {isa = PBXFileReference; fileEncoding = 4; lastKnownFileType = sourcecode.c.h; name = SelectCityViewController.h; path = Controller/HomePage/SelectCityViewController.h; sourceTree = "<group>"; };
		A0E7B0211BF09F640010A2F0 /* SelectCityViewController.m */ = {isa = PBXFileReference; fileEncoding = 4; lastKnownFileType = sourcecode.c.objc; name = SelectCityViewController.m; path = Controller/HomePage/SelectCityViewController.m; sourceTree = "<group>"; };
		A0E7B0231BF0A3060010A2F0 /* category.plist */ = {isa = PBXFileReference; fileEncoding = 4; lastKnownFileType = text.plist.xml; path = category.plist; sourceTree = "<group>"; };
		A0E7B0241BF0A3060010A2F0 /* region.plist */ = {isa = PBXFileReference; fileEncoding = 4; lastKnownFileType = text.plist.xml; path = region.plist; sourceTree = "<group>"; };
		A0E7B0271BF0A3FB0010A2F0 /* citys.plist */ = {isa = PBXFileReference; fileEncoding = 4; lastKnownFileType = text.plist.xml; path = citys.plist; sourceTree = "<group>"; };
		A0E7B02E1BF2E4100010A2F0 /* GroupBuysViewController.h */ = {isa = PBXFileReference; fileEncoding = 4; lastKnownFileType = sourcecode.c.h; name = GroupBuysViewController.h; path = Controller/GroupBuys/GroupBuysViewController.h; sourceTree = "<group>"; };
		A0E7B02F1BF2E4100010A2F0 /* GroupBuysViewController.m */ = {isa = PBXFileReference; fileEncoding = 4; lastKnownFileType = sourcecode.c.objc; name = GroupBuysViewController.m; path = Controller/GroupBuys/GroupBuysViewController.m; sourceTree = "<group>"; };
		A0E7B0331BF2EB460010A2F0 /* MHTabBarActiveTab_1.png */ = {isa = PBXFileReference; lastKnownFileType = image.png; path = MHTabBarActiveTab_1.png; sourceTree = "<group>"; };
		A0E7B0341BF2EB460010A2F0 /* MHTabBarActiveTab_1@2x.png */ = {isa = PBXFileReference; lastKnownFileType = image.png; path = "MHTabBarActiveTab_1@2x.png"; sourceTree = "<group>"; };
		A0E7B0351BF2EB460010A2F0 /* MHTabBarInactiveTab_1.png */ = {isa = PBXFileReference; lastKnownFileType = image.png; path = MHTabBarInactiveTab_1.png; sourceTree = "<group>"; };
		A0E7B0361BF2EB460010A2F0 /* MHTabBarInactiveTab_1@2x.png */ = {isa = PBXFileReference; lastKnownFileType = image.png; path = "MHTabBarInactiveTab_1@2x.png"; sourceTree = "<group>"; };
		A0E7B0371BF2EB460010A2F0 /* MHCategoryViewController.h */ = {isa = PBXFileReference; fileEncoding = 4; lastKnownFileType = sourcecode.c.h; path = MHCategoryViewController.h; sourceTree = "<group>"; };
		A0E7B0381BF2EB460010A2F0 /* MHCategoryViewController.m */ = {isa = PBXFileReference; fileEncoding = 4; lastKnownFileType = sourcecode.c.objc; path = MHCategoryViewController.m; sourceTree = "<group>"; };
		A0E7B0391BF2EB460010A2F0 /* MHTabBarActiveTab.png */ = {isa = PBXFileReference; lastKnownFileType = image.png; path = MHTabBarActiveTab.png; sourceTree = "<group>"; };
		A0E7B03A1BF2EB460010A2F0 /* MHTabBarActiveTab@2x.png */ = {isa = PBXFileReference; lastKnownFileType = image.png; path = "MHTabBarActiveTab@2x.png"; sourceTree = "<group>"; };
		A0E7B03B1BF2EB460010A2F0 /* MHTabBarController.h */ = {isa = PBXFileReference; fileEncoding = 4; lastKnownFileType = sourcecode.c.h; path = MHTabBarController.h; sourceTree = "<group>"; };
		A0E7B03C1BF2EB460010A2F0 /* MHTabBarController.m */ = {isa = PBXFileReference; fileEncoding = 4; lastKnownFileType = sourcecode.c.objc; path = MHTabBarController.m; sourceTree = "<group>"; };
		A0E7B03D1BF2EB460010A2F0 /* MHTabBarInactiveTab.png */ = {isa = PBXFileReference; lastKnownFileType = image.png; path = MHTabBarInactiveTab.png; sourceTree = "<group>"; };
		A0E7B03E1BF2EB460010A2F0 /* MHTabBarInactiveTab@2x.png */ = {isa = PBXFileReference; lastKnownFileType = image.png; path = "MHTabBarInactiveTab@2x.png"; sourceTree = "<group>"; };
		A0E7B03F1BF2EB460010A2F0 /* MHTabBarIndicator.png */ = {isa = PBXFileReference; lastKnownFileType = image.png; path = MHTabBarIndicator.png; sourceTree = "<group>"; };
		A0E7B0401BF2EB460010A2F0 /* MHTabBarIndicator@2x.png */ = {isa = PBXFileReference; lastKnownFileType = image.png; path = "MHTabBarIndicator@2x.png"; sourceTree = "<group>"; };
		A0E7B0421BF2EB460010A2F0 /* pinyin.c */ = {isa = PBXFileReference; fileEncoding = 4; lastKnownFileType = sourcecode.c.c; path = pinyin.c; sourceTree = "<group>"; };
		A0E7B0431BF2EB460010A2F0 /* pinyin.h */ = {isa = PBXFileReference; fileEncoding = 4; lastKnownFileType = sourcecode.c.h; path = pinyin.h; sourceTree = "<group>"; };
		A0E7B0511BF3292C0010A2F0 /* GroupBuys.h */ = {isa = PBXFileReference; fileEncoding = 4; lastKnownFileType = sourcecode.c.h; name = GroupBuys.h; path = Model/GroupBuys.h; sourceTree = "<group>"; };
		A0E7B0521BF3292C0010A2F0 /* GroupBuys.m */ = {isa = PBXFileReference; fileEncoding = 4; lastKnownFileType = sourcecode.c.objc; name = GroupBuys.m; path = Model/GroupBuys.m; sourceTree = "<group>"; };
		A0E7B0541BF3337B0010A2F0 /* GroupBuysTableViewCell.h */ = {isa = PBXFileReference; fileEncoding = 4; lastKnownFileType = sourcecode.c.h; name = GroupBuysTableViewCell.h; path = View/GroupBuysTableViewCell.h; sourceTree = "<group>"; };
		A0E7B0551BF3337B0010A2F0 /* GroupBuysTableViewCell.m */ = {isa = PBXFileReference; fileEncoding = 4; lastKnownFileType = sourcecode.c.objc; name = GroupBuysTableViewCell.m; path = View/GroupBuysTableViewCell.m; sourceTree = "<group>"; };
		A0E7B0561BF3337B0010A2F0 /* GroupBuysTableViewCell.xib */ = {isa = PBXFileReference; fileEncoding = 4; lastKnownFileType = file.xib; name = GroupBuysTableViewCell.xib; path = View/GroupBuysTableViewCell.xib; sourceTree = "<group>"; };
		A0E7B05F1BF46DD00010A2F0 /* FirstViewController.h */ = {isa = PBXFileReference; fileEncoding = 4; lastKnownFileType = sourcecode.c.h; name = FirstViewController.h; path = Controller/GroupBuys/FirstViewController.h; sourceTree = "<group>"; };
		A0E7B0601BF46DD00010A2F0 /* FirstViewController.m */ = {isa = PBXFileReference; fileEncoding = 4; lastKnownFileType = sourcecode.c.objc; name = FirstViewController.m; path = Controller/GroupBuys/FirstViewController.m; sourceTree = "<group>"; };
		A0E7B0621BF46DE40010A2F0 /* SecondViewController.h */ = {isa = PBXFileReference; fileEncoding = 4; lastKnownFileType = sourcecode.c.h; name = SecondViewController.h; path = Controller/GroupBuys/SecondViewController.h; sourceTree = "<group>"; };
		A0E7B0631BF46DE40010A2F0 /* SecondViewController.m */ = {isa = PBXFileReference; fileEncoding = 4; lastKnownFileType = sourcecode.c.objc; name = SecondViewController.m; path = Controller/GroupBuys/SecondViewController.m; sourceTree = "<group>"; };
		A0E7B0651BF46E860010A2F0 /* ThirstViewController.h */ = {isa = PBXFileReference; fileEncoding = 4; lastKnownFileType = sourcecode.c.h; name = ThirstViewController.h; path = Controller/GroupBuys/ThirstViewController.h; sourceTree = "<group>"; };
		A0E7B0661BF46E860010A2F0 /* ThirstViewController.m */ = {isa = PBXFileReference; fileEncoding = 4; lastKnownFileType = sourcecode.c.objc; name = ThirstViewController.m; path = Controller/GroupBuys/ThirstViewController.m; sourceTree = "<group>"; };
		A0E7B0691BF4813E0010A2F0 /* NearViewController.h */ = {isa = PBXFileReference; fileEncoding = 4; lastKnownFileType = sourcecode.c.h; name = NearViewController.h; path = Controller/Near/NearViewController.h; sourceTree = "<group>"; };
		A0E7B06A1BF4813E0010A2F0 /* NearViewController.m */ = {isa = PBXFileReference; fileEncoding = 4; lastKnownFileType = sourcecode.c.objc; name = NearViewController.m; path = Controller/Near/NearViewController.m; sourceTree = "<group>"; };
		A0E7B0731BF488A90010A2F0 /* SettingTableViewController.h */ = {isa = PBXFileReference; fileEncoding = 4; lastKnownFileType = sourcecode.c.h; name = SettingTableViewController.h; path = Controller/Setting/SettingTableViewController.h; sourceTree = "<group>"; };
		A0E7B0741BF488A90010A2F0 /* SettingTableViewController.m */ = {isa = PBXFileReference; fileEncoding = 4; lastKnownFileType = sourcecode.c.objc; name = SettingTableViewController.m; path = Controller/Setting/SettingTableViewController.m; sourceTree = "<group>"; };
		A0E908981BE89B6900D03D53 /* DaZhonDemo.app */ = {isa = PBXFileReference; explicitFileType = wrapper.application; includeInIndex = 0; path = DaZhonDemo.app; sourceTree = BUILT_PRODUCTS_DIR; };
		A0E9089C1BE89B6900D03D53 /* main.m */ = {isa = PBXFileReference; lastKnownFileType = sourcecode.c.objc; path = main.m; sourceTree = "<group>"; };
		A0E9089E1BE89B6900D03D53 /* AppDelegate.h */ = {isa = PBXFileReference; lastKnownFileType = sourcecode.c.h; path = AppDelegate.h; sourceTree = "<group>"; };
		A0E9089F1BE89B6900D03D53 /* AppDelegate.m */ = {isa = PBXFileReference; lastKnownFileType = sourcecode.c.objc; path = AppDelegate.m; sourceTree = "<group>"; };
		A0E908A51BE89B6900D03D53 /* Base */ = {isa = PBXFileReference; lastKnownFileType = file.storyboard; name = Base; path = Base.lproj/Main.storyboard; sourceTree = "<group>"; };
		A0E908A71BE89B6900D03D53 /* Assets.xcassets */ = {isa = PBXFileReference; lastKnownFileType = folder.assetcatalog; path = Assets.xcassets; sourceTree = "<group>"; };
		A0E908AC1BE89B6900D03D53 /* Info.plist */ = {isa = PBXFileReference; lastKnownFileType = text.plist.xml; path = Info.plist; sourceTree = "<group>"; };
		A0E908B11BE89B6900D03D53 /* DaZhonDemoTests.xctest */ = {isa = PBXFileReference; explicitFileType = wrapper.cfbundle; includeInIndex = 0; path = DaZhonDemoTests.xctest; sourceTree = BUILT_PRODUCTS_DIR; };
		A0E908B51BE89B6900D03D53 /* DaZhonDemoTests.m */ = {isa = PBXFileReference; lastKnownFileType = sourcecode.c.objc; path = DaZhonDemoTests.m; sourceTree = "<group>"; };
		A0E908B71BE89B6900D03D53 /* Info.plist */ = {isa = PBXFileReference; lastKnownFileType = text.plist.xml; path = Info.plist; sourceTree = "<group>"; };
		A0E908BC1BE89B6900D03D53 /* DaZhonDemoUITests.xctest */ = {isa = PBXFileReference; explicitFileType = wrapper.cfbundle; includeInIndex = 0; path = DaZhonDemoUITests.xctest; sourceTree = BUILT_PRODUCTS_DIR; };
		A0E908C01BE89B6900D03D53 /* DaZhonDemoUITests.m */ = {isa = PBXFileReference; lastKnownFileType = sourcecode.c.objc; path = DaZhonDemoUITests.m; sourceTree = "<group>"; };
		A0E908C21BE89B6900D03D53 /* Info.plist */ = {isa = PBXFileReference; lastKnownFileType = text.plist.xml; path = Info.plist; sourceTree = "<group>"; };
		A0E909651BE8AB1C00D03D53 /* category.plist */ = {isa = PBXFileReference; fileEncoding = 4; lastKnownFileType = text.plist.xml; path = category.plist; sourceTree = "<group>"; };
		A0E909661BE8AB1C00D03D53 /* region.plist */ = {isa = PBXFileReference; fileEncoding = 4; lastKnownFileType = text.plist.xml; path = region.plist; sourceTree = "<group>"; };
		A0E909671BE8AB1C00D03D53 /* search_03@2x.png */ = {isa = PBXFileReference; lastKnownFileType = image.png; path = "search_03@2x.png"; sourceTree = "<group>"; };
		A0E909681BE8AB1C00D03D53 /* searchBar_back.png */ = {isa = PBXFileReference; lastKnownFileType = image.png; path = searchBar_back.png; sourceTree = "<group>"; };
		A0E909691BE8AB1C00D03D53 /* space.png */ = {isa = PBXFileReference; lastKnownFileType = image.png; path = space.png; sourceTree = "<group>"; };
		A0E9096A1BE8AB1C00D03D53 /* 团购_全城_03@2x.png */ = {isa = PBXFileReference; lastKnownFileType = image.png; path = "团购_全城_03@2x.png"; sourceTree = "<group>"; };
		A0E9096B1BE8AB1C00D03D53 /* 团购_全城_07@2x.png */ = {isa = PBXFileReference; lastKnownFileType = image.png; path = "团购_全城_07@2x.png"; sourceTree = "<group>"; };
		A0E9096C1BE8AB1C00D03D53 /* 团购_全部分类_美食_03@2x.png */ = {isa = PBXFileReference; lastKnownFileType = image.png; path = "团购_全部分类_美食_03@2x.png"; sourceTree = "<group>"; };
		A0E9096D1BE8AB1C00D03D53 /* 团购_全部分类_美食_05@2x.png */ = {isa = PBXFileReference; lastKnownFileType = image.png; path = "团购_全部分类_美食_05@2x.png"; sourceTree = "<group>"; };
		A0E9096E1BE8AB1C00D03D53 /* 团购_全部分类_美食_11@2x.png */ = {isa = PBXFileReference; lastKnownFileType = image.png; path = "团购_全部分类_美食_11@2x.png"; sourceTree = "<group>"; };
		A0E9096F1BE8AB1C00D03D53 /* 团购_全部分类_美食_12@2x.png */ = {isa = PBXFileReference; lastKnownFileType = image.png; path = "团购_全部分类_美食_12@2x.png"; sourceTree = "<group>"; };
		A0E909701BE8AB1C00D03D53 /* 团购_全部分类_美食_21@2x.png */ = {isa = PBXFileReference; lastKnownFileType = image.png; path = "团购_全部分类_美食_21@2x.png"; sourceTree = "<group>"; };
		A0E909711BE8AB1C00D03D53 /* 团购_全部分类_美食_24@2x.png */ = {isa = PBXFileReference; lastKnownFileType = image.png; path = "团购_全部分类_美食_24@2x.png"; sourceTree = "<group>"; };
		A0E909721BE8AB1C00D03D53 /* 团购_全部分类_美食_28@2x.png */ = {isa = PBXFileReference; lastKnownFileType = image.png; path = "团购_全部分类_美食_28@2x.png"; sourceTree = "<group>"; };
		A0E909731BE8AB1C00D03D53 /* 团购_全部分类_美食_31@2x.png */ = {isa = PBXFileReference; lastKnownFileType = image.png; path = "团购_全部分类_美食_31@2x.png"; sourceTree = "<group>"; };
		A0E909741BE8AB1C00D03D53 /* 团购_全部分类_美食_34@2x.png */ = {isa = PBXFileReference; lastKnownFileType = image.png; path = "团购_全部分类_美食_34@2x.png"; sourceTree = "<group>"; };
		A0E909751BE8AB1C00D03D53 /* 团购_全部分类_美食_38@2x.png */ = {isa = PBXFileReference; lastKnownFileType = image.png; path = "团购_全部分类_美食_38@2x.png"; sourceTree = "<group>"; };
		A0E909761BE8AB1C00D03D53 /* 团购_全部分类_美食_40@2x.png */ = {isa = PBXFileReference; lastKnownFileType = image.png; path = "团购_全部分类_美食_40@2x.png"; sourceTree = "<group>"; };
		A0E909771BE8AB1C00D03D53 /* 团购_全部分类_美食_43@2x.png */ = {isa = PBXFileReference; lastKnownFileType = image.png; path = "团购_全部分类_美食_43@2x.png"; sourceTree = "<group>"; };
		A0E909781BE8AB1C00D03D53 /* 团购_全部分类_美食_47@2x.png */ = {isa = PBXFileReference; lastKnownFileType = image.png; path = "团购_全部分类_美食_47@2x.png"; sourceTree = "<group>"; };
		A0E909791BE8AB1C00D03D53 /* 团购_商户分类_03@2x.png */ = {isa = PBXFileReference; lastKnownFileType = image.png; path = "团购_商户分类_03@2x.png"; sourceTree = "<group>"; };
		A0E9097A1BE8AB1C00D03D53 /* 团购_商户分类_11@2x.png */ = {isa = PBXFileReference; lastKnownFileType = image.png; path = "团购_商户分类_11@2x.png"; sourceTree = "<group>"; };
		A0E9097B1BE8AB1C00D03D53 /* 团购_商户分类star5@2x.png */ = {isa = PBXFileReference; lastKnownFileType = image.png; path = "团购_商户分类star5@2x.png"; sourceTree = "<group>"; };
		A0E9097C1BE8AB1C00D03D53 /* 团购_商户分类stare1@2x.png */ = {isa = PBXFileReference; lastKnownFileType = image.png; path = "团购_商户分类stare1@2x.png"; sourceTree = "<group>"; };
		A0E9097D1BE8AB1C00D03D53 /* 团购_商户分类stare2@2x.png */ = {isa = PBXFileReference; lastKnownFileType = image.png; path = "团购_商户分类stare2@2x.png"; sourceTree = "<group>"; };
		A0E9097E1BE8AB1C00D03D53 /* 团购_商户分类stare3@2x.png */ = {isa = PBXFileReference; lastKnownFileType = image.png; path = "团购_商户分类stare3@2x.png"; sourceTree = "<group>"; };
		A0E9097F1BE8AB1C00D03D53 /* 团购_商户分类stare4@2x.png */ = {isa = PBXFileReference; lastKnownFileType = image.png; path = "团购_商户分类stare4@2x.png"; sourceTree = "<group>"; };
		A0E909801BE8AB1C00D03D53 /* 引导页－1.jpg */ = {isa = PBXFileReference; lastKnownFileType = image.jpeg; path = "引导页－1.jpg"; sourceTree = "<group>"; };
		A0E909811BE8AB1C00D03D53 /* 引导页－2.jpg */ = {isa = PBXFileReference; lastKnownFileType = image.jpeg; path = "引导页－2.jpg"; sourceTree = "<group>"; };
		A0E909821BE8AB1C00D03D53 /* 引导页－3.jpg */ = {isa = PBXFileReference; lastKnownFileType = image.jpeg; path = "引导页－3.jpg"; sourceTree = "<group>"; };
		A0E909831BE8AB1C00D03D53 /* 我的－主页_03@2x.png */ = {isa = PBXFileReference; lastKnownFileType = image.png; path = "我的－主页_03@2x.png"; sourceTree = "<group>"; };
		A0E909841BE8AB1C00D03D53 /* 我的－我的账户_03@2x.png */ = {isa = PBXFileReference; lastKnownFileType = image.png; path = "我的－我的账户_03@2x.png"; sourceTree = "<group>"; };
		A0E909851BE8AB1C00D03D53 /* 我的－我的账户_07@2x.png */ = {isa = PBXFileReference; lastKnownFileType = image.png; path = "我的－我的账户_07@2x.png"; sourceTree = "<group>"; };
		A0E909861BE8AB1C00D03D53 /* 我的－我的账户_10@2x.png */ = {isa = PBXFileReference; lastKnownFileType = image.png; path = "我的－我的账户_10@2x.png"; sourceTree = "<group>"; };
		A0E909871BE8AB1C00D03D53 /* 我的－我的账户_14@2x.png */ = {isa = PBXFileReference; lastKnownFileType = image.png; path = "我的－我的账户_14@2x.png"; sourceTree = "<group>"; };
		A0E909881BE8AB1C00D03D53 /* 我的－我的账户_17@2x.png */ = {isa = PBXFileReference; lastKnownFileType = image.png; path = "我的－我的账户_17@2x.png"; sourceTree = "<group>"; };
		A0E909891BE8AB1C00D03D53 /* 我的－登录_02@2x.png */ = {isa = PBXFileReference; lastKnownFileType = image.png; path = "我的－登录_02@2x.png"; sourceTree = "<group>"; };
		A0E9098A1BE8AB1C00D03D53 /* 我的－登录_03@2x.png */ = {isa = PBXFileReference; lastKnownFileType = image.png; path = "我的－登录_03@2x.png"; sourceTree = "<group>"; };
		A0E9098B1BE8AB1C00D03D53 /* 我的－登录_06@2x.png */ = {isa = PBXFileReference; lastKnownFileType = image.png; path = "我的－登录_06@2x.png"; sourceTree = "<group>"; };
		A0E9098C1BE8AB1C00D03D53 /* 我的－登录_10@2x.png */ = {isa = PBXFileReference; lastKnownFileType = image.png; path = "我的－登录_10@2x.png"; sourceTree = "<group>"; };
		A0E9098D1BE8AB1C00D03D53 /* 我的－登录_12@2x.png */ = {isa = PBXFileReference; lastKnownFileType = image.png; path = "我的－登录_12@2x.png"; sourceTree = "<group>"; };
		A0E9098E1BE8AB1C00D03D53 /* 我的－登录_15@2x.png */ = {isa = PBXFileReference; lastKnownFileType = image.png; path = "我的－登录_15@2x.png"; sourceTree = "<group>"; };
		A0E9098F1BE8AB1C00D03D53 /* 我的－登录_17@2x.png */ = {isa = PBXFileReference; lastKnownFileType = image.png; path = "我的－登录_17@2x.png"; sourceTree = "<group>"; };
		A0E909901BE8AB1C00D03D53 /* 我的－登录_21@2x.png */ = {isa = PBXFileReference; lastKnownFileType = image.png; path = "我的－登录_21@2x.png"; sourceTree = "<group>"; };
		A0E909911BE8AB1C00D03D53 /* 我的－登录_24@2x.png */ = {isa = PBXFileReference; lastKnownFileType = image.png; path = "我的－登录_24@2x.png"; sourceTree = "<group>"; };
		A0E909921BE8AB1C00D03D53 /* 我的－登录_28@2x.png */ = {isa = PBXFileReference; lastKnownFileType = image.png; path = "我的－登录_28@2x.png"; sourceTree = "<group>"; };
		A0E909931BE8AB1C00D03D53 /* 我的－登录_32@2x.png */ = {isa = PBXFileReference; lastKnownFileType = image.png; path = "我的－登录_32@2x.png"; sourceTree = "<group>"; };
		A0E909941BE8AB1C00D03D53 /* 我的－登录_35@2x.png */ = {isa = PBXFileReference; lastKnownFileType = image.png; path = "我的－登录_35@2x.png"; sourceTree = "<group>"; };
		A0E909951BE8AB1C00D03D53 /* 设置_03.png */ = {isa = PBXFileReference; lastKnownFileType = image.png; path = "设置_03.png"; sourceTree = "<group>"; };
		A0E909961BE8AB1C00D03D53 /* 设置_07@2x.png */ = {isa = PBXFileReference; lastKnownFileType = image.png; path = "设置_07@2x.png"; sourceTree = "<group>"; };
		A0E909971BE8AB1C00D03D53 /* 设置_11@2x.png */ = {isa = PBXFileReference; lastKnownFileType = image.png; path = "设置_11@2x.png"; sourceTree = "<group>"; };
		A0E909981BE8AB1C00D03D53 /* 设置_13@2x.png */ = {isa = PBXFileReference; lastKnownFileType = image.png; path = "设置_13@2x.png"; sourceTree = "<group>"; };
		A0E909991BE8AB1C00D03D53 /* 设置_16@2x.png */ = {isa = PBXFileReference; lastKnownFileType = image.png; path = "设置_16@2x.png"; sourceTree = "<group>"; };
		A0E9099A1BE8AB1C00D03D53 /* 设置_18@2x.png */ = {isa = PBXFileReference; lastKnownFileType = image.png; path = "设置_18@2x.png"; sourceTree = "<group>"; };
		A0E9099B1BE8AB1C00D03D53 /* 首页0_03.png */ = {isa = PBXFileReference; lastKnownFileType = image.png; path = "首页0_03.png"; sourceTree = "<group>"; };
		A0E9099C1BE8AB1C00D03D53 /* 首页_03@2x.png */ = {isa = PBXFileReference; lastKnownFileType = image.png; path = "首页_03@2x.png"; sourceTree = "<group>"; };
		A0E9099D1BE8AB1C00D03D53 /* 首页_06@2x.png */ = {isa = PBXFileReference; lastKnownFileType = image.png; path = "首页_06@2x.png"; sourceTree = "<group>"; };
		A0E9099E1BE8AB1C00D03D53 /* 首页_11@2x.png */ = {isa = PBXFileReference; lastKnownFileType = image.png; path = "首页_11@2x.png"; sourceTree = "<group>"; };
		A0E9099F1BE8AB1C00D03D53 /* 首页_12@2x.png */ = {isa = PBXFileReference; lastKnownFileType = image.png; path = "首页_12@2x.png"; sourceTree = "<group>"; };
		A0E909A01BE8AB1C00D03D53 /* 首页_13@2x.png */ = {isa = PBXFileReference; lastKnownFileType = image.png; path = "首页_13@2x.png"; sourceTree = "<group>"; };
		A0E909A11BE8AB1C00D03D53 /* 首页_14@2x.png */ = {isa = PBXFileReference; lastKnownFileType = image.png; path = "首页_14@2x.png"; sourceTree = "<group>"; };
		A0E909A21BE8AB1C00D03D53 /* 首页_15@2x.png */ = {isa = PBXFileReference; lastKnownFileType = image.png; path = "首页_15@2x.png"; sourceTree = "<group>"; };
		A0E909A31BE8AB1C00D03D53 /* 首页_16@2x.png */ = {isa = PBXFileReference; lastKnownFileType = image.png; path = "首页_16@2x.png"; sourceTree = "<group>"; };
		A0E909A41BE8AB1C00D03D53 /* 首页_17@2x.png */ = {isa = PBXFileReference; lastKnownFileType = image.png; path = "首页_17@2x.png"; sourceTree = "<group>"; };
		A0E909A51BE8AB1C00D03D53 /* 首页_18@2x.png */ = {isa = PBXFileReference; lastKnownFileType = image.png; path = "首页_18@2x.png"; sourceTree = "<group>"; };
		A0E909A61BE8AB1C00D03D53 /* 首页_32@2x.png */ = {isa = PBXFileReference; lastKnownFileType = image.png; path = "首页_32@2x.png"; sourceTree = "<group>"; };
		A0E909A71BE8AB1C00D03D53 /* 首页_35@2x.png */ = {isa = PBXFileReference; lastKnownFileType = image.png; path = "首页_35@2x.png"; sourceTree = "<group>"; };
		A0E909A81BE8AB1C00D03D53 /* 首页_GPS定位系统_03@2x.png */ = {isa = PBXFileReference; lastKnownFileType = image.png; path = "首页_GPS定位系统_03@2x.png"; sourceTree = "<group>"; };
		A0E909A91BE8AB1C00D03D53 /* 首页_GPS定位系统_06_03@2x.png */ = {isa = PBXFileReference; lastKnownFileType = image.png; path = "首页_GPS定位系统_06_03@2x.png"; sourceTree = "<group>"; };
		A0E909AA1BE8AB1C00D03D53 /* 首页_GPS定位系统_07@2x.png */ = {isa = PBXFileReference; lastKnownFileType = image.png; path = "首页_GPS定位系统_07@2x.png"; sourceTree = "<group>"; };
		A0E909F11BE8AD4C00D03D53 /* PrefixHeader.pch */ = {isa = PBXFileReference; lastKnownFileType = sourcecode.c.h; path = PrefixHeader.pch; sourceTree = "<group>"; };
		A0E909F21BE8B1E800D03D53 /* GuideViewController.h */ = {isa = PBXFileReference; fileEncoding = 4; lastKnownFileType = sourcecode.c.h; name = GuideViewController.h; path = Controller/GuideViewController.h; sourceTree = "<group>"; };
		A0E909F31BE8B1E800D03D53 /* GuideViewController.m */ = {isa = PBXFileReference; fileEncoding = 4; lastKnownFileType = sourcecode.c.objc; name = GuideViewController.m; path = Controller/GuideViewController.m; sourceTree = "<group>"; };
		B5C6E2CA01156EA1999287A4 /* Pods.release.xcconfig */ = {isa = PBXFileReference; includeInIndex = 1; lastKnownFileType = text.xcconfig; name = Pods.release.xcconfig; path = "Pods/Target Support Files/Pods/Pods.release.xcconfig"; sourceTree = "<group>"; };
		B73A1A7830DDB4682500324B /* Pods.debug.xcconfig */ = {isa = PBXFileReference; includeInIndex = 1; lastKnownFileType = text.xcconfig; name = Pods.debug.xcconfig; path = "Pods/Target Support Files/Pods/Pods.debug.xcconfig"; sourceTree = "<group>"; };
/* End PBXFileReference section */

/* Begin PBXFrameworksBuildPhase section */
		A0E908951BE89B6900D03D53 /* Frameworks */ = {
			isa = PBXFrameworksBuildPhase;
			buildActionMask = 2147483647;
			files = (
				2C8377C51B11A70D7706D0EE /* libPods.a in Frameworks */,
			);
			runOnlyForDeploymentPostprocessing = 0;
		};
		A0E908AE1BE89B6900D03D53 /* Frameworks */ = {
			isa = PBXFrameworksBuildPhase;
			buildActionMask = 2147483647;
			files = (
			);
			runOnlyForDeploymentPostprocessing = 0;
		};
		A0E908B91BE89B6900D03D53 /* Frameworks */ = {
			isa = PBXFrameworksBuildPhase;
			buildActionMask = 2147483647;
			files = (
			);
			runOnlyForDeploymentPostprocessing = 0;
		};
/* End PBXFrameworksBuildPhase section */

/* Begin PBXGroup section */
		1FBBC5650F4014475599C859 /* Frameworks */ = {
			isa = PBXGroup;
			children = (
				4B05BE7B631D2F68FFC2CC53 /* libPods.a */,
			);
			name = Frameworks;
			sourceTree = "<group>";
		};
		83973AA00CBB940019685FA5 /* Pods */ = {
			isa = PBXGroup;
			children = (
				B73A1A7830DDB4682500324B /* Pods.debug.xcconfig */,
				B5C6E2CA01156EA1999287A4 /* Pods.release.xcconfig */,
			);
			name = Pods;
			sourceTree = "<group>";
		};
		A04B90A31BEB339900309D5A /* Utils */ = {
			isa = PBXGroup;
			children = (
				A04B90AA1BEB4FF500309D5A /* JsonParser.h */,
				A04B90AB1BEB4FF500309D5A /* JsonParser.m */,
				A04B90A41BEB34BC00309D5A /* DianpingApi.h */,
				A04B90A51BEB34BC00309D5A /* DianpingApi.m */,
			);
			name = Utils;
			sourceTree = "<group>";
		};
		A0E7B0131BF08BA30010A2F0 /* HomePage */ = {
			isa = PBXGroup;
			children = (
				A0E7B0171BF08C710010A2F0 /* BusinessViewController.h */,
				A0E7B0181BF08C710010A2F0 /* BusinessViewController.m */,
				A0E7B0191BF08C710010A2F0 /* HomePageViewController.h */,
				A0E7B01A1BF08C710010A2F0 /* HomePageViewController.m */,
				A0E7B0201BF09F640010A2F0 /* SelectCityViewController.h */,
				A0E7B0211BF09F640010A2F0 /* SelectCityViewController.m */,
				A0E7B01B1BF08C710010A2F0 /* SearchViewController.h */,
				A0E7B01C1BF08C710010A2F0 /* SearchViewController.m */,
			);
			name = HomePage;
			sourceTree = "<group>";
		};
		A0E7B02D1BF2E3750010A2F0 /* GroupBuys */ = {
			isa = PBXGroup;
			children = (
				A0E7B02E1BF2E4100010A2F0 /* GroupBuysViewController.h */,
				A0E7B02F1BF2E4100010A2F0 /* GroupBuysViewController.m */,
				A0E7B05F1BF46DD00010A2F0 /* FirstViewController.h */,
				A0E7B0601BF46DD00010A2F0 /* FirstViewController.m */,
				A0E7B0621BF46DE40010A2F0 /* SecondViewController.h */,
				A0E7B0631BF46DE40010A2F0 /* SecondViewController.m */,
				A0E7B0651BF46E860010A2F0 /* ThirstViewController.h */,
				A0E7B0661BF46E860010A2F0 /* ThirstViewController.m */,
			);
			name = GroupBuys;
			sourceTree = "<group>";
		};
		A0E7B0311BF2EB460010A2F0 /* MHTabBarController */ = {
			isa = PBXGroup;
			children = (
				A0E7B0321BF2EB460010A2F0 /* mh */,
				A0E7B0371BF2EB460010A2F0 /* MHCategoryViewController.h */,
				A0E7B0381BF2EB460010A2F0 /* MHCategoryViewController.m */,
				A0E7B0391BF2EB460010A2F0 /* MHTabBarActiveTab.png */,
				A0E7B03A1BF2EB460010A2F0 /* MHTabBarActiveTab@2x.png */,
				A0E7B03B1BF2EB460010A2F0 /* MHTabBarController.h */,
				A0E7B03C1BF2EB460010A2F0 /* MHTabBarController.m */,
				A0E7B03D1BF2EB460010A2F0 /* MHTabBarInactiveTab.png */,
				A0E7B03E1BF2EB460010A2F0 /* MHTabBarInactiveTab@2x.png */,
				A0E7B03F1BF2EB460010A2F0 /* MHTabBarIndicator.png */,
				A0E7B0401BF2EB460010A2F0 /* MHTabBarIndicator@2x.png */,
				A0E7B0411BF2EB460010A2F0 /* pinyin */,
			);
			path = MHTabBarController;
			sourceTree = "<group>";
		};
		A0E7B0321BF2EB460010A2F0 /* mh */ = {
			isa = PBXGroup;
			children = (
				A0E7B0331BF2EB460010A2F0 /* MHTabBarActiveTab_1.png */,
				A0E7B0341BF2EB460010A2F0 /* MHTabBarActiveTab_1@2x.png */,
				A0E7B0351BF2EB460010A2F0 /* MHTabBarInactiveTab_1.png */,
				A0E7B0361BF2EB460010A2F0 /* MHTabBarInactiveTab_1@2x.png */,
			);
			path = mh;
			sourceTree = "<group>";
		};
		A0E7B0411BF2EB460010A2F0 /* pinyin */ = {
			isa = PBXGroup;
			children = (
				A0E7B0421BF2EB460010A2F0 /* pinyin.c */,
				A0E7B0431BF2EB460010A2F0 /* pinyin.h */,
			);
			path = pinyin;
			sourceTree = "<group>";
		};
		A0E7B0681BF4810B0010A2F0 /* Near */ = {
			isa = PBXGroup;
			children = (
				A0E7B0691BF4813E0010A2F0 /* NearViewController.h */,
				A0E7B06A1BF4813E0010A2F0 /* NearViewController.m */,
			);
			name = Near;
			sourceTree = "<group>";
		};
		A0E7B06C1BF483550010A2F0 /* Setting */ = {
			isa = PBXGroup;
			children = (
				A0E7B0731BF488A90010A2F0 /* SettingTableViewController.h */,
				A0E7B0741BF488A90010A2F0 /* SettingTableViewController.m */,
			);
			name = Setting;
			sourceTree = "<group>";
		};
		A0E9088F1BE89B6900D03D53 = {
			isa = PBXGroup;
			children = (
				A0E9089A1BE89B6900D03D53 /* DaZhonDemo */,
				A0E908B41BE89B6900D03D53 /* DaZhonDemoTests */,
				A0E908BF1BE89B6900D03D53 /* DaZhonDemoUITests */,
				A0E908991BE89B6900D03D53 /* Products */,
				83973AA00CBB940019685FA5 /* Pods */,
				1FBBC5650F4014475599C859 /* Frameworks */,
			);
			sourceTree = "<group>";
		};
		A0E908991BE89B6900D03D53 /* Products */ = {
			isa = PBXGroup;
			children = (
				A0E908981BE89B6900D03D53 /* DaZhonDemo.app */,
				A0E908B11BE89B6900D03D53 /* DaZhonDemoTests.xctest */,
				A0E908BC1BE89B6900D03D53 /* DaZhonDemoUITests.xctest */,
			);
			name = Products;
			sourceTree = "<group>";
		};
		A0E9089A1BE89B6900D03D53 /* DaZhonDemo */ = {
			isa = PBXGroup;
			children = (
				A0E9089E1BE89B6900D03D53 /* AppDelegate.h */,
				A0E9089F1BE89B6900D03D53 /* AppDelegate.m */,
				A04B90A31BEB339900309D5A /* Utils */,
				A0E9095D1BE8A96400D03D53 /* Controller */,
				A0E9095C1BE8A94F00D03D53 /* View */,
				A0E9095B1BE8A93B00D03D53 /* Model */,
				A0E908A41BE89B6900D03D53 /* Main.storyboard */,
				A0E908A71BE89B6900D03D53 /* Assets.xcassets */,
				A0E908AC1BE89B6900D03D53 /* Info.plist */,
				A0E9089B1BE89B6900D03D53 /* Supporting Files */,
			);
			path = DaZhonDemo;
			sourceTree = "<group>";
		};
		A0E9089B1BE89B6900D03D53 /* Supporting Files */ = {
			isa = PBXGroup;
			children = (
				A0E9089C1BE89B6900D03D53 /* main.m */,
				A0E909F11BE8AD4C00D03D53 /* PrefixHeader.pch */,
				A0E7B0271BF0A3FB0010A2F0 /* citys.plist */,
				A0E7B0231BF0A3060010A2F0 /* category.plist */,
				A0E7B0241BF0A3060010A2F0 /* region.plist */,
				A0E7B0311BF2EB460010A2F0 /* MHTabBarController */,
				A0E909641BE8AB1C00D03D53 /* Picture */,
			);
			name = "Supporting Files";
			sourceTree = "<group>";
		};
		A0E908B41BE89B6900D03D53 /* DaZhonDemoTests */ = {
			isa = PBXGroup;
			children = (
				A0E908B51BE89B6900D03D53 /* DaZhonDemoTests.m */,
				A0E908B71BE89B6900D03D53 /* Info.plist */,
			);
			path = DaZhonDemoTests;
			sourceTree = "<group>";
		};
		A0E908BF1BE89B6900D03D53 /* DaZhonDemoUITests */ = {
			isa = PBXGroup;
			children = (
				A0E908C01BE89B6900D03D53 /* DaZhonDemoUITests.m */,
				A0E908C21BE89B6900D03D53 /* Info.plist */,
			);
			path = DaZhonDemoUITests;
			sourceTree = "<group>";
		};
		A0E9095B1BE8A93B00D03D53 /* Model */ = {
			isa = PBXGroup;
			children = (
				A04B90AD1BEB51FE00309D5A /* BusinessInfo.h */,
				A04B90AE1BEB51FE00309D5A /* BusinessInfo.m */,
				A0E7B0511BF3292C0010A2F0 /* GroupBuys.h */,
				A0E7B0521BF3292C0010A2F0 /* GroupBuys.m */,
			);
			name = Model;
			sourceTree = "<group>";
		};
		A0E9095C1BE8A94F00D03D53 /* View */ = {
			isa = PBXGroup;
			children = (
				A04B90A01BEA0BB400309D5A /* HomePageHeaderView.h */,
				A04B90A11BEA0BB400309D5A /* HomePageHeaderView.m */,
				A03CE8141BEB5B7C00A68D72 /* BusinessTableViewCell.h */,
				A03CE8151BEB5B7C00A68D72 /* BusinessTableViewCell.m */,
				A03CE8161BEB5B7C00A68D72 /* BusinessTableViewCell.xib */,
				A0E7B0541BF3337B0010A2F0 /* GroupBuysTableViewCell.h */,
				A0E7B0551BF3337B0010A2F0 /* GroupBuysTableViewCell.m */,
				A0E7B0561BF3337B0010A2F0 /* GroupBuysTableViewCell.xib */,
			);
			name = View;
			sourceTree = "<group>";
		};
		A0E9095D1BE8A96400D03D53 /* Controller */ = {
			isa = PBXGroup;
			children = (
				A0E909F21BE8B1E800D03D53 /* GuideViewController.h */,
				A0E909F31BE8B1E800D03D53 /* GuideViewController.m */,
				A0E7B0101BF07CFD0010A2F0 /* WebViewController.h */,
				A0E7B0111BF07CFD0010A2F0 /* WebViewController.m */,
				A0E7B0131BF08BA30010A2F0 /* HomePage */,
				A0E7B02D1BF2E3750010A2F0 /* GroupBuys */,
				A0E7B0681BF4810B0010A2F0 /* Near */,
				A0E7B06C1BF483550010A2F0 /* Setting */,
			);
			name = Controller;
			sourceTree = "<group>";
		};
		A0E909641BE8AB1C00D03D53 /* Picture */ = {
			isa = PBXGroup;
			children = (
				A0E909651BE8AB1C00D03D53 /* category.plist */,
				A0E909661BE8AB1C00D03D53 /* region.plist */,
				A0E909671BE8AB1C00D03D53 /* search_03@2x.png */,
				A0E909681BE8AB1C00D03D53 /* searchBar_back.png */,
				A0E909691BE8AB1C00D03D53 /* space.png */,
				A0E9096A1BE8AB1C00D03D53 /* 团购_全城_03@2x.png */,
				A0E9096B1BE8AB1C00D03D53 /* 团购_全城_07@2x.png */,
				A0E9096C1BE8AB1C00D03D53 /* 团购_全部分类_美食_03@2x.png */,
				A0E9096D1BE8AB1C00D03D53 /* 团购_全部分类_美食_05@2x.png */,
				A0E9096E1BE8AB1C00D03D53 /* 团购_全部分类_美食_11@2x.png */,
				A0E9096F1BE8AB1C00D03D53 /* 团购_全部分类_美食_12@2x.png */,
				A0E909701BE8AB1C00D03D53 /* 团购_全部分类_美食_21@2x.png */,
				A0E909711BE8AB1C00D03D53 /* 团购_全部分类_美食_24@2x.png */,
				A0E909721BE8AB1C00D03D53 /* 团购_全部分类_美食_28@2x.png */,
				A0E909731BE8AB1C00D03D53 /* 团购_全部分类_美食_31@2x.png */,
				A0E909741BE8AB1C00D03D53 /* 团购_全部分类_美食_34@2x.png */,
				A0E909751BE8AB1C00D03D53 /* 团购_全部分类_美食_38@2x.png */,
				A0E909761BE8AB1C00D03D53 /* 团购_全部分类_美食_40@2x.png */,
				A0E909771BE8AB1C00D03D53 /* 团购_全部分类_美食_43@2x.png */,
				A0E909781BE8AB1C00D03D53 /* 团购_全部分类_美食_47@2x.png */,
				A0E909791BE8AB1C00D03D53 /* 团购_商户分类_03@2x.png */,
				A0E9097A1BE8AB1C00D03D53 /* 团购_商户分类_11@2x.png */,
				A0E9097B1BE8AB1C00D03D53 /* 团购_商户分类star5@2x.png */,
				A0E9097C1BE8AB1C00D03D53 /* 团购_商户分类stare1@2x.png */,
				A0E9097D1BE8AB1C00D03D53 /* 团购_商户分类stare2@2x.png */,
				A0E9097E1BE8AB1C00D03D53 /* 团购_商户分类stare3@2x.png */,
				A0E9097F1BE8AB1C00D03D53 /* 团购_商户分类stare4@2x.png */,
				A0E909801BE8AB1C00D03D53 /* 引导页－1.jpg */,
				A0E909811BE8AB1C00D03D53 /* 引导页－2.jpg */,
				A0E909821BE8AB1C00D03D53 /* 引导页－3.jpg */,
				A0E909831BE8AB1C00D03D53 /* 我的－主页_03@2x.png */,
				A0E909841BE8AB1C00D03D53 /* 我的－我的账户_03@2x.png */,
				A0E909851BE8AB1C00D03D53 /* 我的－我的账户_07@2x.png */,
				A0E909861BE8AB1C00D03D53 /* 我的－我的账户_10@2x.png */,
				A0E909871BE8AB1C00D03D53 /* 我的－我的账户_14@2x.png */,
				A0E909881BE8AB1C00D03D53 /* 我的－我的账户_17@2x.png */,
				A0E909891BE8AB1C00D03D53 /* 我的－登录_02@2x.png */,
				A0E9098A1BE8AB1C00D03D53 /* 我的－登录_03@2x.png */,
				A0E9098B1BE8AB1C00D03D53 /* 我的－登录_06@2x.png */,
				A0E9098C1BE8AB1C00D03D53 /* 我的－登录_10@2x.png */,
				A0E9098D1BE8AB1C00D03D53 /* 我的－登录_12@2x.png */,
				A0E9098E1BE8AB1C00D03D53 /* 我的－登录_15@2x.png */,
				A0E9098F1BE8AB1C00D03D53 /* 我的－登录_17@2x.png */,
				A0E909901BE8AB1C00D03D53 /* 我的－登录_21@2x.png */,
				A0E909911BE8AB1C00D03D53 /* 我的－登录_24@2x.png */,
				A0E909921BE8AB1C00D03D53 /* 我的－登录_28@2x.png */,
				A0E909931BE8AB1C00D03D53 /* 我的－登录_32@2x.png */,
				A0E909941BE8AB1C00D03D53 /* 我的－登录_35@2x.png */,
				A0E909951BE8AB1C00D03D53 /* 设置_03.png */,
				A0E909961BE8AB1C00D03D53 /* 设置_07@2x.png */,
				A0E909971BE8AB1C00D03D53 /* 设置_11@2x.png */,
				A0E909981BE8AB1C00D03D53 /* 设置_13@2x.png */,
				A0E909991BE8AB1C00D03D53 /* 设置_16@2x.png */,
				A0E9099A1BE8AB1C00D03D53 /* 设置_18@2x.png */,
				A0E9099B1BE8AB1C00D03D53 /* 首页0_03.png */,
				A0E9099C1BE8AB1C00D03D53 /* 首页_03@2x.png */,
				A0E9099D1BE8AB1C00D03D53 /* 首页_06@2x.png */,
				A0E9099E1BE8AB1C00D03D53 /* 首页_11@2x.png */,
				A0E9099F1BE8AB1C00D03D53 /* 首页_12@2x.png */,
				A0E909A01BE8AB1C00D03D53 /* 首页_13@2x.png */,
				A0E909A11BE8AB1C00D03D53 /* 首页_14@2x.png */,
				A0E909A21BE8AB1C00D03D53 /* 首页_15@2x.png */,
				A0E909A31BE8AB1C00D03D53 /* 首页_16@2x.png */,
				A0E909A41BE8AB1C00D03D53 /* 首页_17@2x.png */,
				A0E909A51BE8AB1C00D03D53 /* 首页_18@2x.png */,
				A0E909A61BE8AB1C00D03D53 /* 首页_32@2x.png */,
				A0E909A71BE8AB1C00D03D53 /* 首页_35@2x.png */,
				A0E909A81BE8AB1C00D03D53 /* 首页_GPS定位系统_03@2x.png */,
				A0E909A91BE8AB1C00D03D53 /* 首页_GPS定位系统_06_03@2x.png */,
				A0E909AA1BE8AB1C00D03D53 /* 首页_GPS定位系统_07@2x.png */,
			);
			path = Picture;
			sourceTree = "<group>";
		};
/* End PBXGroup section */

/* Begin PBXNativeTarget section */
		A0E908971BE89B6900D03D53 /* DaZhonDemo */ = {
			isa = PBXNativeTarget;
			buildConfigurationList = A0E908C51BE89B6900D03D53 /* Build configuration list for PBXNativeTarget "DaZhonDemo" */;
			buildPhases = (
				BBE539028BE8E4BCD0F5AE5B /* Check Pods Manifest.lock */,
				A0E908941BE89B6900D03D53 /* Sources */,
				A0E908951BE89B6900D03D53 /* Frameworks */,
				A0E908961BE89B6900D03D53 /* Resources */,
				BF42D51F094E684BA27D09C3 /* Embed Pods Frameworks */,
				36808D992AA55E937D681919 /* Copy Pods Resources */,
			);
			buildRules = (
			);
			dependencies = (
			);
			name = DaZhonDemo;
			productName = DaZhonDemo;
			productReference = A0E908981BE89B6900D03D53 /* DaZhonDemo.app */;
			productType = "com.apple.product-type.application";
		};
		A0E908B01BE89B6900D03D53 /* DaZhonDemoTests */ = {
			isa = PBXNativeTarget;
			buildConfigurationList = A0E908C81BE89B6900D03D53 /* Build configuration list for PBXNativeTarget "DaZhonDemoTests" */;
			buildPhases = (
				A0E908AD1BE89B6900D03D53 /* Sources */,
				A0E908AE1BE89B6900D03D53 /* Frameworks */,
				A0E908AF1BE89B6900D03D53 /* Resources */,
			);
			buildRules = (
			);
			dependencies = (
				A0E908B31BE89B6900D03D53 /* PBXTargetDependency */,
			);
			name = DaZhonDemoTests;
			productName = DaZhonDemoTests;
			productReference = A0E908B11BE89B6900D03D53 /* DaZhonDemoTests.xctest */;
			productType = "com.apple.product-type.bundle.unit-test";
		};
		A0E908BB1BE89B6900D03D53 /* DaZhonDemoUITests */ = {
			isa = PBXNativeTarget;
			buildConfigurationList = A0E908CB1BE89B6900D03D53 /* Build configuration list for PBXNativeTarget "DaZhonDemoUITests" */;
			buildPhases = (
				A0E908B81BE89B6900D03D53 /* Sources */,
				A0E908B91BE89B6900D03D53 /* Frameworks */,
				A0E908BA1BE89B6900D03D53 /* Resources */,
			);
			buildRules = (
			);
			dependencies = (
				A0E908BE1BE89B6900D03D53 /* PBXTargetDependency */,
			);
			name = DaZhonDemoUITests;
			productName = DaZhonDemoUITests;
			productReference = A0E908BC1BE89B6900D03D53 /* DaZhonDemoUITests.xctest */;
			productType = "com.apple.product-type.bundle.ui-testing";
		};
/* End PBXNativeTarget section */

/* Begin PBXProject section */
		A0E908901BE89B6900D03D53 /* Project object */ = {
			isa = PBXProject;
			attributes = {
				LastUpgradeCheck = 0700;
				ORGANIZATIONNAME = qingdaonews;
				TargetAttributes = {
					A0E908971BE89B6900D03D53 = {
						CreatedOnToolsVersion = 7.0;
					};
					A0E908B01BE89B6900D03D53 = {
						CreatedOnToolsVersion = 7.0;
						TestTargetID = A0E908971BE89B6900D03D53;
					};
					A0E908BB1BE89B6900D03D53 = {
						CreatedOnToolsVersion = 7.0;
						TestTargetID = A0E908971BE89B6900D03D53;
					};
				};
			};
			buildConfigurationList = A0E908931BE89B6900D03D53 /* Build configuration list for PBXProject "DaZhonDemo" */;
			compatibilityVersion = "Xcode 3.2";
			developmentRegion = English;
			hasScannedForEncodings = 0;
			knownRegions = (
				en,
				Base,
			);
			mainGroup = A0E9088F1BE89B6900D03D53;
			productRefGroup = A0E908991BE89B6900D03D53 /* Products */;
			projectDirPath = "";
			projectRoot = "";
			targets = (
				A0E908971BE89B6900D03D53 /* DaZhonDemo */,
				A0E908B01BE89B6900D03D53 /* DaZhonDemoTests */,
				A0E908BB1BE89B6900D03D53 /* DaZhonDemoUITests */,
			);
		};
/* End PBXProject section */

/* Begin PBXResourcesBuildPhase section */
		A0E908961BE89B6900D03D53 /* Resources */ = {
			isa = PBXResourcesBuildPhase;
			buildActionMask = 2147483647;
			files = (
				A0E909EF1BE8AB1C00D03D53 /* 首页_GPS定位系统_06_03@2x.png in Resources */,
				A0E909C91BE8AB1C00D03D53 /* 我的－主页_03@2x.png in Resources */,
				A0E7B0581BF3337B0010A2F0 /* GroupBuysTableViewCell.xib in Resources */,
				A0E909B11BE8AB1C00D03D53 /* 团购_全城_07@2x.png in Resources */,
				A0E909B91BE8AB1C00D03D53 /* 团购_全部分类_美食_31@2x.png in Resources */,
				A0E909DE1BE8AB1C00D03D53 /* 设置_13@2x.png in Resources */,
				A0E7B0491BF2EB460010A2F0 /* MHTabBarActiveTab.png in Resources */,
				A0E909B71BE8AB1C00D03D53 /* 团购_全部分类_美食_24@2x.png in Resources */,
				A0E909D31BE8AB1C00D03D53 /* 我的－登录_12@2x.png in Resources */,
				A0E909AF1BE8AB1C00D03D53 /* space.png in Resources */,
				A0E909AC1BE8AB1C00D03D53 /* region.plist in Resources */,
				A0E7B04E1BF2EB460010A2F0 /* MHTabBarIndicator.png in Resources */,
				A0E909C41BE8AB1C00D03D53 /* 团购_商户分类stare3@2x.png in Resources */,
				A0E909E31BE8AB1C00D03D53 /* 首页_06@2x.png in Resources */,
				A0E909DD1BE8AB1C00D03D53 /* 设置_11@2x.png in Resources */,
				A0E909B01BE8AB1C00D03D53 /* 团购_全城_03@2x.png in Resources */,
				A0E909D51BE8AB1C00D03D53 /* 我的－登录_17@2x.png in Resources */,
				A0E909BD1BE8AB1C00D03D53 /* 团购_全部分类_美食_43@2x.png in Resources */,
				A0E909C21BE8AB1C00D03D53 /* 团购_商户分类stare1@2x.png in Resources */,
				A0E909D91BE8AB1C00D03D53 /* 我的－登录_32@2x.png in Resources */,
				A0E909B31BE8AB1C00D03D53 /* 团购_全部分类_美食_05@2x.png in Resources */,
				A0E909F01BE8AB1C00D03D53 /* 首页_GPS定位系统_07@2x.png in Resources */,
				A0E909B41BE8AB1C00D03D53 /* 团购_全部分类_美食_11@2x.png in Resources */,
				A0E909C31BE8AB1C00D03D53 /* 团购_商户分类stare2@2x.png in Resources */,
				A0E7B0281BF0A3FB0010A2F0 /* citys.plist in Resources */,
				A0E909E81BE8AB1C00D03D53 /* 首页_15@2x.png in Resources */,
				A0E7B0451BF2EB460010A2F0 /* MHTabBarActiveTab_1@2x.png in Resources */,
				A0E909C81BE8AB1C00D03D53 /* 引导页－3.jpg in Resources */,
				A0E909B81BE8AB1C00D03D53 /* 团购_全部分类_美食_28@2x.png in Resources */,
				A0E909E41BE8AB1C00D03D53 /* 首页_11@2x.png in Resources */,
				A03CE8181BEB5B7C00A68D72 /* BusinessTableViewCell.xib in Resources */,
				A0E7B04A1BF2EB460010A2F0 /* MHTabBarActiveTab@2x.png in Resources */,
				A0E909EE1BE8AB1C00D03D53 /* 首页_GPS定位系统_03@2x.png in Resources */,
				A0E909BA1BE8AB1C00D03D53 /* 团购_全部分类_美食_34@2x.png in Resources */,
				A0E909E21BE8AB1C00D03D53 /* 首页_03@2x.png in Resources */,
				A0E909CE1BE8AB1C00D03D53 /* 我的－我的账户_17@2x.png in Resources */,
				A0E909ED1BE8AB1C00D03D53 /* 首页_35@2x.png in Resources */,
				A0E909BC1BE8AB1C00D03D53 /* 团购_全部分类_美食_40@2x.png in Resources */,
				A0E909BE1BE8AB1C00D03D53 /* 团购_全部分类_美食_47@2x.png in Resources */,
				A0E909DA1BE8AB1C00D03D53 /* 我的－登录_35@2x.png in Resources */,
				A0E909C01BE8AB1C00D03D53 /* 团购_商户分类_11@2x.png in Resources */,
				A0E909D41BE8AB1C00D03D53 /* 我的－登录_15@2x.png in Resources */,
				A0E909E91BE8AB1C00D03D53 /* 首页_16@2x.png in Resources */,
				A0E909CD1BE8AB1C00D03D53 /* 我的－我的账户_14@2x.png in Resources */,
				A0E7B0251BF0A3060010A2F0 /* category.plist in Resources */,
				A0E908A81BE89B6900D03D53 /* Assets.xcassets in Resources */,
				A0E909B61BE8AB1C00D03D53 /* 团购_全部分类_美食_21@2x.png in Resources */,
				A0E909AD1BE8AB1C00D03D53 /* search_03@2x.png in Resources */,
				A0E909DB1BE8AB1C00D03D53 /* 设置_03.png in Resources */,
				A0E909E51BE8AB1C00D03D53 /* 首页_12@2x.png in Resources */,
				A0E909AB1BE8AB1C00D03D53 /* category.plist in Resources */,
				A0E909CB1BE8AB1C00D03D53 /* 我的－我的账户_07@2x.png in Resources */,
				A0E7B0461BF2EB460010A2F0 /* MHTabBarInactiveTab_1.png in Resources */,
				A0E909D01BE8AB1C00D03D53 /* 我的－登录_03@2x.png in Resources */,
				A0E909D81BE8AB1C00D03D53 /* 我的－登录_28@2x.png in Resources */,
				A0E909E01BE8AB1C00D03D53 /* 设置_18@2x.png in Resources */,
				A0E7B04C1BF2EB460010A2F0 /* MHTabBarInactiveTab.png in Resources */,
				A0E7B0471BF2EB460010A2F0 /* MHTabBarInactiveTab_1@2x.png in Resources */,
				A0E909E61BE8AB1C00D03D53 /* 首页_13@2x.png in Resources */,
				A0E909DC1BE8AB1C00D03D53 /* 设置_07@2x.png in Resources */,
				A0E909B21BE8AB1C00D03D53 /* 团购_全部分类_美食_03@2x.png in Resources */,
				A0E908A61BE89B6900D03D53 /* Main.storyboard in Resources */,
				A0E909EB1BE8AB1C00D03D53 /* 首页_18@2x.png in Resources */,
				A0E909C11BE8AB1C00D03D53 /* 团购_商户分类star5@2x.png in Resources */,
				A0E909EA1BE8AB1C00D03D53 /* 首页_17@2x.png in Resources */,
				A0E909BF1BE8AB1C00D03D53 /* 团购_商户分类_03@2x.png in Resources */,
				A0E909D71BE8AB1C00D03D53 /* 我的－登录_24@2x.png in Resources */,
				A0E909DF1BE8AB1C00D03D53 /* 设置_16@2x.png in Resources */,
				A0E909CF1BE8AB1C00D03D53 /* 我的－登录_02@2x.png in Resources */,
				A0E7B0261BF0A3060010A2F0 /* region.plist in Resources */,
				A0E909D61BE8AB1C00D03D53 /* 我的－登录_21@2x.png in Resources */,
				A0E909B51BE8AB1C00D03D53 /* 团购_全部分类_美食_12@2x.png in Resources */,
				A0E7B04D1BF2EB460010A2F0 /* MHTabBarInactiveTab@2x.png in Resources */,
				A0E909E11BE8AB1C00D03D53 /* 首页0_03.png in Resources */,
				A0E909EC1BE8AB1C00D03D53 /* 首页_32@2x.png in Resources */,
				A0E909BB1BE8AB1C00D03D53 /* 团购_全部分类_美食_38@2x.png in Resources */,
				A0E909D21BE8AB1C00D03D53 /* 我的－登录_10@2x.png in Resources */,
				A0E909E71BE8AB1C00D03D53 /* 首页_14@2x.png in Resources */,
				A0E7B04F1BF2EB460010A2F0 /* MHTabBarIndicator@2x.png in Resources */,
				A0E909C61BE8AB1C00D03D53 /* 引导页－1.jpg in Resources */,
				A0E909C71BE8AB1C00D03D53 /* 引导页－2.jpg in Resources */,
				A0E909CA1BE8AB1C00D03D53 /* 我的－我的账户_03@2x.png in Resources */,
				A0E909C51BE8AB1C00D03D53 /* 团购_商户分类stare4@2x.png in Resources */,
				A0E909D11BE8AB1C00D03D53 /* 我的－登录_06@2x.png in Resources */,
				A0E909AE1BE8AB1C00D03D53 /* searchBar_back.png in Resources */,
				A0E909CC1BE8AB1C00D03D53 /* 我的－我的账户_10@2x.png in Resources */,
				A0E7B0441BF2EB460010A2F0 /* MHTabBarActiveTab_1.png in Resources */,
			);
			runOnlyForDeploymentPostprocessing = 0;
		};
		A0E908AF1BE89B6900D03D53 /* Resources */ = {
			isa = PBXResourcesBuildPhase;
			buildActionMask = 2147483647;
			files = (
			);
			runOnlyForDeploymentPostprocessing = 0;
		};
		A0E908BA1BE89B6900D03D53 /* Resources */ = {
			isa = PBXResourcesBuildPhase;
			buildActionMask = 2147483647;
			files = (
			);
			runOnlyForDeploymentPostprocessing = 0;
		};
/* End PBXResourcesBuildPhase section */

/* Begin PBXShellScriptBuildPhase section */
		36808D992AA55E937D681919 /* Copy Pods Resources */ = {
			isa = PBXShellScriptBuildPhase;
			buildActionMask = 2147483647;
			files = (
			);
			inputPaths = (
			);
			name = "Copy Pods Resources";
			outputPaths = (
			);
			runOnlyForDeploymentPostprocessing = 0;
			shellPath = /bin/sh;
			shellScript = "\"${SRCROOT}/Pods/Target Support Files/Pods/Pods-resources.sh\"\n";
			showEnvVarsInLog = 0;
		};
		BBE539028BE8E4BCD0F5AE5B /* Check Pods Manifest.lock */ = {
			isa = PBXShellScriptBuildPhase;
			buildActionMask = 2147483647;
			files = (
			);
			inputPaths = (
			);
			name = "Check Pods Manifest.lock";
			outputPaths = (
			);
			runOnlyForDeploymentPostprocessing = 0;
			shellPath = /bin/sh;
			shellScript = "diff \"${PODS_ROOT}/../Podfile.lock\" \"${PODS_ROOT}/Manifest.lock\" > /dev/null\nif [[ $? != 0 ]] ; then\n    cat << EOM\nerror: The sandbox is not in sync with the Podfile.lock. Run 'pod install' or update your CocoaPods installation.\nEOM\n    exit 1\nfi\n";
			showEnvVarsInLog = 0;
		};
		BF42D51F094E684BA27D09C3 /* Embed Pods Frameworks */ = {
			isa = PBXShellScriptBuildPhase;
			buildActionMask = 2147483647;
			files = (
			);
			inputPaths = (
			);
			name = "Embed Pods Frameworks";
			outputPaths = (
			);
			runOnlyForDeploymentPostprocessing = 0;
			shellPath = /bin/sh;
			shellScript = "\"${SRCROOT}/Pods/Target Support Files/Pods/Pods-frameworks.sh\"\n";
			showEnvVarsInLog = 0;
		};
/* End PBXShellScriptBuildPhase section */

/* Begin PBXSourcesBuildPhase section */
		A0E908941BE89B6900D03D53 /* Sources */ = {
			isa = PBXSourcesBuildPhase;
			buildActionMask = 2147483647;
			files = (
				A0E7B04B1BF2EB460010A2F0 /* MHTabBarController.m in Sources */,
				A04B90A61BEB34BC00309D5A /* DianpingApi.m in Sources */,
				A0E7B0121BF07CFD0010A2F0 /* WebViewController.m in Sources */,
				A0E7B0641BF46DE40010A2F0 /* SecondViewController.m in Sources */,
				A0E7B0751BF488A90010A2F0 /* SettingTableViewController.m in Sources */,
				A0E7B0221BF09F640010A2F0 /* SelectCityViewController.m in Sources */,
				A0E7B01E1BF08C710010A2F0 /* HomePageViewController.m in Sources */,
				A0E7B0671BF46E860010A2F0 /* ThirstViewController.m in Sources */,
				A0E7B0501BF2EB460010A2F0 /* pinyin.c in Sources */,
				A04B90A21BEA0BB400309D5A /* HomePageHeaderView.m in Sources */,
				A0E7B0611BF46DD00010A2F0 /* FirstViewController.m in Sources */,
				A03CE8171BEB5B7C00A68D72 /* BusinessTableViewCell.m in Sources */,
				A0E7B0481BF2EB460010A2F0 /* MHCategoryViewController.m in Sources */,
				A0E7B01D1BF08C710010A2F0 /* BusinessViewController.m in Sources */,
				A0E908A01BE89B6900D03D53 /* AppDelegate.m in Sources */,
				A0E7B0301BF2E4100010A2F0 /* GroupBuysViewController.m in Sources */,
				A0E7B06B1BF4813E0010A2F0 /* NearViewController.m in Sources */,
				A0E909F41BE8B1E800D03D53 /* GuideViewController.m in Sources */,
				A04B90AC1BEB4FF500309D5A /* JsonParser.m in Sources */,
				A0E7B0531BF3292C0010A2F0 /* GroupBuys.m in Sources */,
				A0E9089D1BE89B6900D03D53 /* main.m in Sources */,
				A0E7B01F1BF08C710010A2F0 /* SearchViewController.m in Sources */,
				A0E7B0571BF3337B0010A2F0 /* GroupBuysTableViewCell.m in Sources */,
				A04B90AF1BEB51FE00309D5A /* BusinessInfo.m in Sources */,
			);
			runOnlyForDeploymentPostprocessing = 0;
		};
		A0E908AD1BE89B6900D03D53 /* Sources */ = {
			isa = PBXSourcesBuildPhase;
			buildActionMask = 2147483647;
			files = (
				A0E908B61BE89B6900D03D53 /* DaZhonDemoTests.m in Sources */,
			);
			runOnlyForDeploymentPostprocessing = 0;
		};
		A0E908B81BE89B6900D03D53 /* Sources */ = {
			isa = PBXSourcesBuildPhase;
			buildActionMask = 2147483647;
			files = (
				A0E908C11BE89B6900D03D53 /* DaZhonDemoUITests.m in Sources */,
			);
			runOnlyForDeploymentPostprocessing = 0;
		};
/* End PBXSourcesBuildPhase section */

/* Begin PBXTargetDependency section */
		A0E908B31BE89B6900D03D53 /* PBXTargetDependency */ = {
			isa = PBXTargetDependency;
			target = A0E908971BE89B6900D03D53 /* DaZhonDemo */;
			targetProxy = A0E908B21BE89B6900D03D53 /* PBXContainerItemProxy */;
		};
		A0E908BE1BE89B6900D03D53 /* PBXTargetDependency */ = {
			isa = PBXTargetDependency;
			target = A0E908971BE89B6900D03D53 /* DaZhonDemo */;
			targetProxy = A0E908BD1BE89B6900D03D53 /* PBXContainerItemProxy */;
		};
/* End PBXTargetDependency section */

/* Begin PBXVariantGroup section */
		A0E908A41BE89B6900D03D53 /* Main.storyboard */ = {
			isa = PBXVariantGroup;
			children = (
				A0E908A51BE89B6900D03D53 /* Base */,
			);
			name = Main.storyboard;
			sourceTree = "<group>";
		};
/* End PBXVariantGroup section */

/* Begin XCBuildConfiguration section */
		A0E908C31BE89B6900D03D53 /* Debug */ = {
			isa = XCBuildConfiguration;
			buildSettings = {
				ALWAYS_SEARCH_USER_PATHS = NO;
				CLANG_CXX_LANGUAGE_STANDARD = "gnu++0x";
				CLANG_CXX_LIBRARY = "libc++";
				CLANG_ENABLE_MODULES = YES;
				CLANG_ENABLE_OBJC_ARC = YES;
				CLANG_WARN_BOOL_CONVERSION = YES;
				CLANG_WARN_CONSTANT_CONVERSION = YES;
				CLANG_WARN_DIRECT_OBJC_ISA_USAGE = YES_ERROR;
				CLANG_WARN_EMPTY_BODY = YES;
				CLANG_WARN_ENUM_CONVERSION = YES;
				CLANG_WARN_INT_CONVERSION = YES;
				CLANG_WARN_OBJC_ROOT_CLASS = YES_ERROR;
				CLANG_WARN_UNREACHABLE_CODE = YES;
				CLANG_WARN__DUPLICATE_METHOD_MATCH = YES;
				"CODE_SIGN_IDENTITY[sdk=iphoneos*]" = "iPhone Developer";
				COPY_PHASE_STRIP = NO;
				DEBUG_INFORMATION_FORMAT = dwarf;
				ENABLE_STRICT_OBJC_MSGSEND = YES;
				ENABLE_TESTABILITY = YES;
				GCC_C_LANGUAGE_STANDARD = gnu99;
				GCC_DYNAMIC_NO_PIC = NO;
				GCC_NO_COMMON_BLOCKS = YES;
				GCC_OPTIMIZATION_LEVEL = 0;
				GCC_PREPROCESSOR_DEFINITIONS = (
					"DEBUG=1",
					"$(inherited)",
				);
				GCC_WARN_64_TO_32_BIT_CONVERSION = YES;
				GCC_WARN_ABOUT_RETURN_TYPE = YES_ERROR;
				GCC_WARN_UNDECLARED_SELECTOR = YES;
				GCC_WARN_UNINITIALIZED_AUTOS = YES_AGGRESSIVE;
				GCC_WARN_UNUSED_FUNCTION = YES;
				GCC_WARN_UNUSED_VARIABLE = YES;
				IPHONEOS_DEPLOYMENT_TARGET = 9.0;
				MTL_ENABLE_DEBUG_INFO = YES;
				ONLY_ACTIVE_ARCH = YES;
				SDKROOT = iphoneos;
				TARGETED_DEVICE_FAMILY = "1,2";
			};
			name = Debug;
		};
		A0E908C41BE89B6900D03D53 /* Release */ = {
			isa = XCBuildConfiguration;
			buildSettings = {
				ALWAYS_SEARCH_USER_PATHS = NO;
				CLANG_CXX_LANGUAGE_STANDARD = "gnu++0x";
				CLANG_CXX_LIBRARY = "libc++";
				CLANG_ENABLE_MODULES = YES;
				CLANG_ENABLE_OBJC_ARC = YES;
				CLANG_WARN_BOOL_CONVERSION = YES;
				CLANG_WARN_CONSTANT_CONVERSION = YES;
				CLANG_WARN_DIRECT_OBJC_ISA_USAGE = YES_ERROR;
				CLANG_WARN_EMPTY_BODY = YES;
				CLANG_WARN_ENUM_CONVERSION = YES;
				CLANG_WARN_INT_CONVERSION = YES;
				CLANG_WARN_OBJC_ROOT_CLASS = YES_ERROR;
				CLANG_WARN_UNREACHABLE_CODE = YES;
				CLANG_WARN__DUPLICATE_METHOD_MATCH = YES;
				"CODE_SIGN_IDENTITY[sdk=iphoneos*]" = "iPhone Developer";
				COPY_PHASE_STRIP = NO;
				DEBUG_INFORMATION_FORMAT = "dwarf-with-dsym";
				ENABLE_NS_ASSERTIONS = NO;
				ENABLE_STRICT_OBJC_MSGSEND = YES;
				GCC_C_LANGUAGE_STANDARD = gnu99;
				GCC_NO_COMMON_BLOCKS = YES;
				GCC_WARN_64_TO_32_BIT_CONVERSION = YES;
				GCC_WARN_ABOUT_RETURN_TYPE = YES_ERROR;
				GCC_WARN_UNDECLARED_SELECTOR = YES;
				GCC_WARN_UNINITIALIZED_AUTOS = YES_AGGRESSIVE;
				GCC_WARN_UNUSED_FUNCTION = YES;
				GCC_WARN_UNUSED_VARIABLE = YES;
				IPHONEOS_DEPLOYMENT_TARGET = 9.0;
				MTL_ENABLE_DEBUG_INFO = NO;
				SDKROOT = iphoneos;
				TARGETED_DEVICE_FAMILY = "1,2";
				VALIDATE_PRODUCT = YES;
			};
			name = Release;
		};
		A0E908C61BE89B6900D03D53 /* Debug */ = {
			isa = XCBuildConfiguration;
			baseConfigurationReference = B73A1A7830DDB4682500324B /* Pods.debug.xcconfig */;
			buildSettings = {
				ASSETCATALOG_COMPILER_APPICON_NAME = AppIcon;
				ASSETCATALOG_COMPILER_LAUNCHIMAGE_NAME = Launchimage;
				GCC_PRECOMPILE_PREFIX_HEADER = NO;
				GCC_PREFIX_HEADER = /Users/doubleJJ/Desktop/DaZhonDemo/DaZhonDemo/DaZhonDemo/PrefixHeader.pch;
				INFOPLIST_FILE = DaZhonDemo/Info.plist;
				IPHONEOS_DEPLOYMENT_TARGET = 7.0;
				LD_RUNPATH_SEARCH_PATHS = "$(inherited) @executable_path/Frameworks";
				LIBRARY_SEARCH_PATHS = "";
				PRODUCT_BUNDLE_IDENTIFIER = qingdaonews.DaZhonDemo;
				PRODUCT_NAME = "$(TARGET_NAME)";
			};
			name = Debug;
		};
		A0E908C71BE89B6900D03D53 /* Release */ = {
			isa = XCBuildConfiguration;
			baseConfigurationReference = B5C6E2CA01156EA1999287A4 /* Pods.release.xcconfig */;
			buildSettings = {
				ASSETCATALOG_COMPILER_APPICON_NAME = AppIcon;
				ASSETCATALOG_COMPILER_LAUNCHIMAGE_NAME = Launchimage;
				GCC_PRECOMPILE_PREFIX_HEADER = NO;
				GCC_PREFIX_HEADER = /Users/doubleJJ/Desktop/DaZhonDemo/DaZhonDemo/DaZhonDemo/PrefixHeader.pch;
				INFOPLIST_FILE = DaZhonDemo/Info.plist;
				IPHONEOS_DEPLOYMENT_TARGET = 7.0;
				LD_RUNPATH_SEARCH_PATHS = "$(inherited) @executable_path/Frameworks";
				LIBRARY_SEARCH_PATHS = "";
				PRODUCT_BUNDLE_IDENTIFIER = qingdaonews.DaZhonDemo;
				PRODUCT_NAME = "$(TARGET_NAME)";
			};
			name = Release;
		};
		A0E908C91BE89B6900D03D53 /* Debug */ = {
			isa = XCBuildConfiguration;
			buildSettings = {
				BUNDLE_LOADER = "$(TEST_HOST)";
				INFOPLIST_FILE = DaZhonDemoTests/Info.plist;
				LD_RUNPATH_SEARCH_PATHS = "$(inherited) @executable_path/Frameworks @loader_path/Frameworks";
				PRODUCT_BUNDLE_IDENTIFIER = qingdaonews.DaZhonDemoTests;
				PRODUCT_NAME = "$(TARGET_NAME)";
				TEST_HOST = "$(BUILT_PRODUCTS_DIR)/DaZhonDemo.app/DaZhonDemo";
			};
			name = Debug;
		};
		A0E908CA1BE89B6900D03D53 /* Release */ = {
			isa = XCBuildConfiguration;
			buildSettings = {
				BUNDLE_LOADER = "$(TEST_HOST)";
				INFOPLIST_FILE = DaZhonDemoTests/Info.plist;
				LD_RUNPATH_SEARCH_PATHS = "$(inherited) @executable_path/Frameworks @loader_path/Frameworks";
				PRODUCT_BUNDLE_IDENTIFIER = qingdaonews.DaZhonDemoTests;
				PRODUCT_NAME = "$(TARGET_NAME)";
				TEST_HOST = "$(BUILT_PRODUCTS_DIR)/DaZhonDemo.app/DaZhonDemo";
			};
			name = Release;
		};
		A0E908CC1BE89B6900D03D53 /* Debug */ = {
			isa = XCBuildConfiguration;
			buildSettings = {
				INFOPLIST_FILE = DaZhonDemoUITests/Info.plist;
				LD_RUNPATH_SEARCH_PATHS = "$(inherited) @executable_path/Frameworks @loader_path/Frameworks";
				PRODUCT_BUNDLE_IDENTIFIER = qingdaonews.DaZhonDemoUITests;
				PRODUCT_NAME = "$(TARGET_NAME)";
				TEST_TARGET_NAME = DaZhonDemo;
				USES_XCTRUNNER = YES;
			};
			name = Debug;
		};
		A0E908CD1BE89B6900D03D53 /* Release */ = {
			isa = XCBuildConfiguration;
			buildSettings = {
				INFOPLIST_FILE = DaZhonDemoUITests/Info.plist;
				LD_RUNPATH_SEARCH_PATHS = "$(inherited) @executable_path/Frameworks @loader_path/Frameworks";
				PRODUCT_BUNDLE_IDENTIFIER = qingdaonews.DaZhonDemoUITests;
				PRODUCT_NAME = "$(TARGET_NAME)";
				TEST_TARGET_NAME = DaZhonDemo;
				USES_XCTRUNNER = YES;
			};
			name = Release;
		};
/* End XCBuildConfiguration section */

/* Begin XCConfigurationList section */
		A0E908931BE89B6900D03D53 /* Build configuration list for PBXProject "DaZhonDemo" */ = {
			isa = XCConfigurationList;
			buildConfigurations = (
				A0E908C31BE89B6900D03D53 /* Debug */,
				A0E908C41BE89B6900D03D53 /* Release */,
			);
			defaultConfigurationIsVisible = 0;
			defaultConfigurationName = Release;
		};
		A0E908C51BE89B6900D03D53 /* Build configuration list for PBXNativeTarget "DaZhonDemo" */ = {
			isa = XCConfigurationList;
			buildConfigurations = (
				A0E908C61BE89B6900D03D53 /* Debug */,
				A0E908C71BE89B6900D03D53 /* Release */,
			);
			defaultConfigurationIsVisible = 0;
			defaultConfigurationName = Release;
		};
		A0E908C81BE89B6900D03D53 /* Build configuration list for PBXNativeTarget "DaZhonDemoTests" */ = {
			isa = XCConfigurationList;
			buildConfigurations = (
				A0E908C91BE89B6900D03D53 /* Debug */,
				A0E908CA1BE89B6900D03D53 /* Release */,
			);
			defaultConfigurationIsVisible = 0;
			defaultConfigurationName = Release;
		};
		A0E908CB1BE89B6900D03D53 /* Build configuration list for PBXNativeTarget "DaZhonDemoUITests" */ = {
			isa = XCConfigurationList;
			buildConfigurations = (
				A0E908CC1BE89B6900D03D53 /* Debug */,
				A0E908CD1BE89B6900D03D53 /* Release */,
			);
			defaultConfigurationIsVisible = 0;
			defaultConfigurationName = Release;
		};
/* End XCConfigurationList section */
	};
	rootObject = A0E908901BE89B6900D03D53 /* Project object */;
}
